// !$*UTF8*$!
{
	archiveVersion = 1;
	classes = {
	};
	objectVersion = 50;
	objects = {

/* Begin PBXBuildFile section */
		444AD078228AB46500771A43 /* APIUrls.swift in Sources */ = {isa = PBXBuildFile; fileRef = 444AD077228AB46500771A43 /* APIUrls.swift */; };
		444AD07A228AB4B900771A43 /* APISevice.swift in Sources */ = {isa = PBXBuildFile; fileRef = 444AD079228AB4B900771A43 /* APISevice.swift */; };
		444AD07C228AB50100771A43 /* APIError.swift in Sources */ = {isa = PBXBuildFile; fileRef = 444AD07B228AB50100771A43 /* APIError.swift */; };
		444AD080228AB6EC00771A43 /* APIInput.swift in Sources */ = {isa = PBXBuildFile; fileRef = 444AD07F228AB6EC00771A43 /* APIInput.swift */; };
		444AD082228AB71800771A43 /* APIOutput.swift in Sources */ = {isa = PBXBuildFile; fileRef = 444AD081228AB71800771A43 /* APIOutput.swift */; };
		444AD097228BBBA400771A43 /* Movie.swift in Sources */ = {isa = PBXBuildFile; fileRef = 444AD096228BBBA400771A43 /* Movie.swift */; };
		444AD099228BC43400771A43 /* Date+.swift in Sources */ = {isa = PBXBuildFile; fileRef = 444AD098228BC43400771A43 /* Date+.swift */; };
		444AD09C228BE4C400771A43 /* MoviesCollectionViewCell.swift in Sources */ = {isa = PBXBuildFile; fileRef = 444AD09A228BE4C400771A43 /* MoviesCollectionViewCell.swift */; };
		444AD09D228BE4C400771A43 /* MoviesCollectionViewCell.xib in Resources */ = {isa = PBXBuildFile; fileRef = 444AD09B228BE4C400771A43 /* MoviesCollectionViewCell.xib */; };
		444AD09F228BEAA100771A43 /* MoviesViewModel.swift in Sources */ = {isa = PBXBuildFile; fileRef = 444AD09E228BEAA100771A43 /* MoviesViewModel.swift */; };
		444AD0AA228BED0000771A43 /* MoviesNavigator.swift in Sources */ = {isa = PBXBuildFile; fileRef = 444AD0A9228BED0000771A43 /* MoviesNavigator.swift */; };
		444AD0AC228BEEE900771A43 /* MoviesUseCase.swift in Sources */ = {isa = PBXBuildFile; fileRef = 444AD0AB228BEEE900771A43 /* MoviesUseCase.swift */; };
		444AD0B3228BFBC900771A43 /* RepositoriesAssembler.swift in Sources */ = {isa = PBXBuildFile; fileRef = 444AD0B2228BFBC900771A43 /* RepositoriesAssembler.swift */; };
		44870E0A228E58B500CF5A70 /* MovieViewModel.swift in Sources */ = {isa = PBXBuildFile; fileRef = 44870E09228E58B500CF5A70 /* MovieViewModel.swift */; };
		44870E2C2293B2AF00CF5A70 /* SearchViewModel.swift in Sources */ = {isa = PBXBuildFile; fileRef = 44870E272293B2AF00CF5A70 /* SearchViewModel.swift */; };
		44870E2D2293B2AF00CF5A70 /* SearchViewController.swift in Sources */ = {isa = PBXBuildFile; fileRef = 44870E282293B2AF00CF5A70 /* SearchViewController.swift */; };
		44870E2E2293B2AF00CF5A70 /* SearchNavigator.swift in Sources */ = {isa = PBXBuildFile; fileRef = 44870E292293B2AF00CF5A70 /* SearchNavigator.swift */; };
		44870E2F2293B2AF00CF5A70 /* SearchUseCase.swift in Sources */ = {isa = PBXBuildFile; fileRef = 44870E2A2293B2AF00CF5A70 /* SearchUseCase.swift */; };
		44870E302293B2AF00CF5A70 /* SearchAssembler.swift in Sources */ = {isa = PBXBuildFile; fileRef = 44870E2B2293B2AF00CF5A70 /* SearchAssembler.swift */; };
		44870E342293B2E600CF5A70 /* SearchTableViewCell.swift in Sources */ = {isa = PBXBuildFile; fileRef = 44870E322293B2E600CF5A70 /* SearchTableViewCell.swift */; };
		44870E352293B2E600CF5A70 /* SearchTableViewCell.xib in Resources */ = {isa = PBXBuildFile; fileRef = 44870E332293B2E600CF5A70 /* SearchTableViewCell.xib */; };
		44870E372293B35C00CF5A70 /* API+Search.swift in Sources */ = {isa = PBXBuildFile; fileRef = 44870E362293B35C00CF5A70 /* API+Search.swift */; };
		44870E392293B37F00CF5A70 /* SearchRepository.swift in Sources */ = {isa = PBXBuildFile; fileRef = 44870E382293B37F00CF5A70 /* SearchRepository.swift */; };
		44870E3B2293B54E00CF5A70 /* SearchMovies.storyboard in Resources */ = {isa = PBXBuildFile; fileRef = 44870E3A2293B54E00CF5A70 /* SearchMovies.storyboard */; };
		684543FFB7CEB3E7C94D59DF /* Pods_MovieDB.framework in Frameworks */ = {isa = PBXBuildFile; fileRef = E95921B81FBE3D5FEF92C39E /* Pods_MovieDB.framework */; };
		AE5E92C322952F7C00D4CBF0 /* VideoViewController.swift in Sources */ = {isa = PBXBuildFile; fileRef = AE5E92C222952F7C00D4CBF0 /* VideoViewController.swift */; };
		AE5E92C5229530C800D4CBF0 /* VideoAssembler.swift in Sources */ = {isa = PBXBuildFile; fileRef = AE5E92C4229530C800D4CBF0 /* VideoAssembler.swift */; };
		AE5E92C72295341B00D4CBF0 /* VideoViewModel.swift in Sources */ = {isa = PBXBuildFile; fileRef = AE5E92C62295341B00D4CBF0 /* VideoViewModel.swift */; };
		AE5E92CA2295409A00D4CBF0 /* VideoViewControllerTests.swift in Sources */ = {isa = PBXBuildFile; fileRef = AE5E92C92295409A00D4CBF0 /* VideoViewControllerTests.swift */; };
		AE5E92CE229638B100D4CBF0 /* CreditCollectionViewCell.swift in Sources */ = {isa = PBXBuildFile; fileRef = AE5E92CC229638B100D4CBF0 /* CreditCollectionViewCell.swift */; };
		AE5E92CF229638B100D4CBF0 /* CreditCollectionViewCell.xib in Resources */ = {isa = PBXBuildFile; fileRef = AE5E92CD229638B100D4CBF0 /* CreditCollectionViewCell.xib */; };
		AE5E92D122963B7100D4CBF0 /* CastCrewViewModel.swift in Sources */ = {isa = PBXBuildFile; fileRef = AE5E92D022963B7100D4CBF0 /* CastCrewViewModel.swift */; };
		AE5E92D322963B8900D4CBF0 /* CastCrewNavigator.swift in Sources */ = {isa = PBXBuildFile; fileRef = AE5E92D222963B8900D4CBF0 /* CastCrewNavigator.swift */; };
		AE5E92D522963BA300D4CBF0 /* CastCrewUseCase.swift in Sources */ = {isa = PBXBuildFile; fileRef = AE5E92D422963BA300D4CBF0 /* CastCrewUseCase.swift */; };
		AE5E92D8229642A500D4CBF0 /* CastCrewViewControllerTests.swift in Sources */ = {isa = PBXBuildFile; fileRef = AE5E92D7229642A500D4CBF0 /* CastCrewViewControllerTests.swift */; };
		AE5E92DA2296435B00D4CBF0 /* CreditCollectionViewCellTests.swift in Sources */ = {isa = PBXBuildFile; fileRef = AE5E92D92296435B00D4CBF0 /* CreditCollectionViewCellTests.swift */; };
		AE5E92DC22964B7000D4CBF0 /* CastCrewDetail.swift in Sources */ = {isa = PBXBuildFile; fileRef = AE5E92DB22964B7000D4CBF0 /* CastCrewDetail.swift */; };
		AE5E92DE22964D1A00D4CBF0 /* API+CastCrewDetail.swift in Sources */ = {isa = PBXBuildFile; fileRef = AE5E92DD22964D1A00D4CBF0 /* API+CastCrewDetail.swift */; };
		AE5E92E022964E9E00D4CBF0 /* CastCrewDetailRepository.swift in Sources */ = {isa = PBXBuildFile; fileRef = AE5E92DF22964E9E00D4CBF0 /* CastCrewDetailRepository.swift */; };
		AE5E92E2229659D300D4CBF0 /* CastCrewDetailModel.swift in Sources */ = {isa = PBXBuildFile; fileRef = AE5E92E1229659D300D4CBF0 /* CastCrewDetailModel.swift */; };
		AE5E92E422965C7F00D4CBF0 /* CreditModel.swift in Sources */ = {isa = PBXBuildFile; fileRef = AE5E92E322965C7F00D4CBF0 /* CreditModel.swift */; };
		AE5E92E6229674D100D4CBF0 /* CastCrewViewModelTests.swift in Sources */ = {isa = PBXBuildFile; fileRef = AE5E92E5229674D100D4CBF0 /* CastCrewViewModelTests.swift */; };
		AE5E92E82296752700D4CBF0 /* CastCrewNavigatorMock.swift in Sources */ = {isa = PBXBuildFile; fileRef = AE5E92E72296752700D4CBF0 /* CastCrewNavigatorMock.swift */; };
		AE5E92EA229676B400D4CBF0 /* CastCrewUseCaseMock.swift in Sources */ = {isa = PBXBuildFile; fileRef = AE5E92E9229676B400D4CBF0 /* CastCrewUseCaseMock.swift */; };
		AE7B1719228D0E6D00DB6571 /* API+Movie.swift in Sources */ = {isa = PBXBuildFile; fileRef = AE7B1718228D0E6D00DB6571 /* API+Movie.swift */; };
		AE7B171B228D13F400DB6571 /* MovieRepository.swift in Sources */ = {isa = PBXBuildFile; fileRef = AE7B171A228D13F400DB6571 /* MovieRepository.swift */; };
		AE7B171F228D381800DB6571 /* DataSourceSection.swift in Sources */ = {isa = PBXBuildFile; fileRef = AE7B171E228D381800DB6571 /* DataSourceSection.swift */; };
		AE7B1721228D454800DB6571 /* APIKey.swift in Sources */ = {isa = PBXBuildFile; fileRef = AE7B1720228D454800DB6571 /* APIKey.swift */; };
		AE7B1723228D48F300DB6571 /* CategoriesViewModelTests.swift in Sources */ = {isa = PBXBuildFile; fileRef = AE7B1722228D48F300DB6571 /* CategoriesViewModelTests.swift */; };
		AE7B1725228D497E00DB6571 /* CategoriesNavigatorMock.swift in Sources */ = {isa = PBXBuildFile; fileRef = AE7B1724228D497E00DB6571 /* CategoriesNavigatorMock.swift */; };
		AE7B1727228D4A0000DB6571 /* CategoriesUseCaseMock.swift in Sources */ = {isa = PBXBuildFile; fileRef = AE7B1726228D4A0000DB6571 /* CategoriesUseCaseMock.swift */; };
		AE7B1729228D518000DB6571 /* TestError.swift in Sources */ = {isa = PBXBuildFile; fileRef = AE7B1728228D518000DB6571 /* TestError.swift */; };
		AE7B172B228D5AD900DB6571 /* CategoriesMovieModel.swift in Sources */ = {isa = PBXBuildFile; fileRef = AE7B172A228D5AD900DB6571 /* CategoriesMovieModel.swift */; };
		AE7B172D228E4E1A00DB6571 /* CategoryType.swift in Sources */ = {isa = PBXBuildFile; fileRef = AE7B172C228E4E1A00DB6571 /* CategoryType.swift */; };
		AE7B172F228E56DB00DB6571 /* TTSegmentedControl+Rx.swift in Sources */ = {isa = PBXBuildFile; fileRef = AE7B172E228E56DB00DB6571 /* TTSegmentedControl+Rx.swift */; };
		AE7B1731228E83EA00DB6571 /* MovieDetail.storyboard in Resources */ = {isa = PBXBuildFile; fileRef = AE7B1730228E83EA00DB6571 /* MovieDetail.storyboard */; };
		AE7B1734228E84E800DB6571 /* MovieDetailViewController.swift in Sources */ = {isa = PBXBuildFile; fileRef = AE7B1733228E84E800DB6571 /* MovieDetailViewController.swift */; };
		AE7B1736228E859400DB6571 /* MovieDetailAssembler.swift in Sources */ = {isa = PBXBuildFile; fileRef = AE7B1735228E859400DB6571 /* MovieDetailAssembler.swift */; };
		AE7B1738228EAAC400DB6571 /* UICollectionView+Rx.swift in Sources */ = {isa = PBXBuildFile; fileRef = AE7B1737228EAAC400DB6571 /* UICollectionView+Rx.swift */; };
		AE7B173B228EAC6400DB6571 /* EmptyDataView.swift in Sources */ = {isa = PBXBuildFile; fileRef = AE7B173A228EAC6400DB6571 /* EmptyDataView.swift */; };
		AE7B173D228EAC8F00DB6571 /* EmptyDataView.xib in Resources */ = {isa = PBXBuildFile; fileRef = AE7B173C228EAC8F00DB6571 /* EmptyDataView.xib */; };
		AE7B1743229253D100DB6571 /* CastCrewCollectionViewCell.swift in Sources */ = {isa = PBXBuildFile; fileRef = AE7B1741229253D100DB6571 /* CastCrewCollectionViewCell.swift */; };
		AE7B1744229253D100DB6571 /* CastCrewCollectionViewCell.xib in Resources */ = {isa = PBXBuildFile; fileRef = AE7B1742229253D100DB6571 /* CastCrewCollectionViewCell.xib */; };
		AE7B1749229255C900DB6571 /* ReviewTableViewCell.swift in Sources */ = {isa = PBXBuildFile; fileRef = AE7B1747229255C900DB6571 /* ReviewTableViewCell.swift */; };
		AE7B174A229255C900DB6571 /* ReviewTableViewCell.xib in Resources */ = {isa = PBXBuildFile; fileRef = AE7B1748229255C900DB6571 /* ReviewTableViewCell.xib */; };
		AE7B174C229288EC00DB6571 /* MovieDetailNavigator.swift in Sources */ = {isa = PBXBuildFile; fileRef = AE7B174B229288EC00DB6571 /* MovieDetailNavigator.swift */; };
		AE7B174E2292890500DB6571 /* MovieDetailUseCase.swift in Sources */ = {isa = PBXBuildFile; fileRef = AE7B174D2292890500DB6571 /* MovieDetailUseCase.swift */; };
		AE7B17502292892400DB6571 /* MovieDetailViewModel.swift in Sources */ = {isa = PBXBuildFile; fileRef = AE7B174F2292892400DB6571 /* MovieDetailViewModel.swift */; };
		AE7B175222928E6E00DB6571 /* MovieDetailOverviewViewController.swift in Sources */ = {isa = PBXBuildFile; fileRef = AE7B175122928E6E00DB6571 /* MovieDetailOverviewViewController.swift */; };
		AE7B1756229293C400DB6571 /* MovieDetailReviewsViewController.swift in Sources */ = {isa = PBXBuildFile; fileRef = AE7B1755229293C400DB6571 /* MovieDetailReviewsViewController.swift */; };
		AE7B17582292964600DB6571 /* MovieDetailReviewsAssembler.swift in Sources */ = {isa = PBXBuildFile; fileRef = AE7B17572292964600DB6571 /* MovieDetailReviewsAssembler.swift */; };
		AE7B175A2292A9F800DB6571 /* MovieDetailReviewsViewModel.swift in Sources */ = {isa = PBXBuildFile; fileRef = AE7B17592292A9F800DB6571 /* MovieDetailReviewsViewModel.swift */; };
		AE7B175C2293863900DB6571 /* MovieDetailOverviewAssembler.swift in Sources */ = {isa = PBXBuildFile; fileRef = AE7B175B2293863900DB6571 /* MovieDetailOverviewAssembler.swift */; };
		AE7B175E2293865000DB6571 /* MovieDetailOverviewViewModel.swift in Sources */ = {isa = PBXBuildFile; fileRef = AE7B175D2293865000DB6571 /* MovieDetailOverviewViewModel.swift */; };
		AE7B176122938FA100DB6571 /* CastCrew.storyboard in Resources */ = {isa = PBXBuildFile; fileRef = AE7B176022938FA100DB6571 /* CastCrew.storyboard */; };
		AE7B17642293902C00DB6571 /* CastCrewViewController.swift in Sources */ = {isa = PBXBuildFile; fileRef = AE7B17632293902C00DB6571 /* CastCrewViewController.swift */; };
		AE7B17662293903A00DB6571 /* CastCrewAssembler.swift in Sources */ = {isa = PBXBuildFile; fileRef = AE7B17652293903A00DB6571 /* CastCrewAssembler.swift */; };
		AE7B17692293959A00DB6571 /* MovieDetailViewControllerTests.swift in Sources */ = {isa = PBXBuildFile; fileRef = AE7B17682293959A00DB6571 /* MovieDetailViewControllerTests.swift */; };
		AE7B176B22939EF400DB6571 /* CastCrewCollectionViewCellTests.swift in Sources */ = {isa = PBXBuildFile; fileRef = AE7B176A22939EF400DB6571 /* CastCrewCollectionViewCellTests.swift */; };
		AE7B176F22939FE000DB6571 /* MovieDetailOverviewViewControllerTests.swift in Sources */ = {isa = PBXBuildFile; fileRef = AE7B176E22939FE000DB6571 /* MovieDetailOverviewViewControllerTests.swift */; };
		AE7B17712293A09300DB6571 /* MovieDetailReviewsViewControllerTests.swift in Sources */ = {isa = PBXBuildFile; fileRef = AE7B17702293A09300DB6571 /* MovieDetailReviewsViewControllerTests.swift */; };
		AE7B17732293A13000DB6571 /* ReviewTableViewCellTests.swift in Sources */ = {isa = PBXBuildFile; fileRef = AE7B17722293A13000DB6571 /* ReviewTableViewCellTests.swift */; };
		AE7B17752293A1D400DB6571 /* MovieDetailViewModelTests.swift in Sources */ = {isa = PBXBuildFile; fileRef = AE7B17742293A1D400DB6571 /* MovieDetailViewModelTests.swift */; };
		AE7B17772293A24E00DB6571 /* MovieDetailNavigatorMock.swift in Sources */ = {isa = PBXBuildFile; fileRef = AE7B17762293A24E00DB6571 /* MovieDetailNavigatorMock.swift */; };
		AE7B17792293A35D00DB6571 /* MovieDetailUseCaseMock.swift in Sources */ = {isa = PBXBuildFile; fileRef = AE7B17782293A35D00DB6571 /* MovieDetailUseCaseMock.swift */; };
		AE7B177B2293ACFB00DB6571 /* MovieDetail.swift in Sources */ = {isa = PBXBuildFile; fileRef = AE7B177A2293ACFB00DB6571 /* MovieDetail.swift */; };
		AE7B177D2293B09A00DB6571 /* Video.swift in Sources */ = {isa = PBXBuildFile; fileRef = AE7B177C2293B09A00DB6571 /* Video.swift */; };
		AE7B177F2293B3EE00DB6571 /* API+MovieDetail.swift in Sources */ = {isa = PBXBuildFile; fileRef = AE7B177E2293B3EE00DB6571 /* API+MovieDetail.swift */; };
		AE7B17812293B5E500DB6571 /* MovieDetailRepository.swift in Sources */ = {isa = PBXBuildFile; fileRef = AE7B17802293B5E500DB6571 /* MovieDetailRepository.swift */; };
		AE7B17832293C9F500DB6571 /* MovieDetailModel.swift in Sources */ = {isa = PBXBuildFile; fileRef = AE7B17822293C9F500DB6571 /* MovieDetailModel.swift */; };
		AE7B17862293D9CE00DB6571 /* MovieDetailTests.swift in Sources */ = {isa = PBXBuildFile; fileRef = AE7B17852293D9CE00DB6571 /* MovieDetailTests.swift */; };
		AE7B17882293EA4900DB6571 /* CastCrew.swift in Sources */ = {isa = PBXBuildFile; fileRef = AE7B17872293EA4900DB6571 /* CastCrew.swift */; };
		AE7B178A2293EB9000DB6571 /* CastCrewTests.swift in Sources */ = {isa = PBXBuildFile; fileRef = AE7B17892293EB9000DB6571 /* CastCrewTests.swift */; };
		AE7B178C2293F12D00DB6571 /* CastCrewModel.swift in Sources */ = {isa = PBXBuildFile; fileRef = AE7B178B2293F12D00DB6571 /* CastCrewModel.swift */; };
		AE7B178E2293F8CB00DB6571 /* Review.swift in Sources */ = {isa = PBXBuildFile; fileRef = AE7B178D2293F8CB00DB6571 /* Review.swift */; };
		AE7B17902293FC8B00DB6571 /* ReviewModel.swift in Sources */ = {isa = PBXBuildFile; fileRef = AE7B178F2293FC8B00DB6571 /* ReviewModel.swift */; };
		AE7B17922293FE2100DB6571 /* UITableView+Rx.swift in Sources */ = {isa = PBXBuildFile; fileRef = AE7B17912293FE2100DB6571 /* UITableView+Rx.swift */; };
		AED6F8EA228A4C9B0069C42B /* AppDelegate.swift in Sources */ = {isa = PBXBuildFile; fileRef = AED6F8E9228A4C9B0069C42B /* AppDelegate.swift */; };
		AED6F8EC228A4C9B0069C42B /* MoviesViewController.swift in Sources */ = {isa = PBXBuildFile; fileRef = AED6F8EB228A4C9B0069C42B /* MoviesViewController.swift */; };
		AED6F8EF228A4C9B0069C42B /* Main.storyboard in Resources */ = {isa = PBXBuildFile; fileRef = AED6F8ED228A4C9B0069C42B /* Main.storyboard */; };
		AED6F8F2228A4C9B0069C42B /* MovieDB.xcdatamodeld in Sources */ = {isa = PBXBuildFile; fileRef = AED6F8F0228A4C9B0069C42B /* MovieDB.xcdatamodeld */; };
		AED6F8F4228A4C9D0069C42B /* Assets.xcassets in Resources */ = {isa = PBXBuildFile; fileRef = AED6F8F3228A4C9D0069C42B /* Assets.xcassets */; };
		AED6F8F7228A4C9D0069C42B /* LaunchScreen.storyboard in Resources */ = {isa = PBXBuildFile; fileRef = AED6F8F5228A4C9D0069C42B /* LaunchScreen.storyboard */; };
		AED6F91A228A5A420069C42B /* AppViewModelTests.swift in Sources */ = {isa = PBXBuildFile; fileRef = AED6F919228A5A420069C42B /* AppViewModelTests.swift */; };
		AED6F91C228A5AA90069C42B /* AppViewModel.swift in Sources */ = {isa = PBXBuildFile; fileRef = AED6F91B228A5AA90069C42B /* AppViewModel.swift */; };
		AED6F922228A5D250069C42B /* AppNavigatorMock.swift in Sources */ = {isa = PBXBuildFile; fileRef = AED6F921228A5D250069C42B /* AppNavigatorMock.swift */; };
		AED6F924228A5D540069C42B /* AppUseCaseMock.swift in Sources */ = {isa = PBXBuildFile; fileRef = AED6F923228A5D540069C42B /* AppUseCaseMock.swift */; };
		AED6F926228A5FF50069C42B /* AppUseCase.swift in Sources */ = {isa = PBXBuildFile; fileRef = AED6F925228A5FF50069C42B /* AppUseCase.swift */; };
		AED6F928228A60070069C42B /* AppNavigator.swift in Sources */ = {isa = PBXBuildFile; fileRef = AED6F927228A60070069C42B /* AppNavigator.swift */; };
		AED6F92A228A601A0069C42B /* AppAssembler.swift in Sources */ = {isa = PBXBuildFile; fileRef = AED6F929228A601A0069C42B /* AppAssembler.swift */; };
		AED6F92C228A60AB0069C42B /* Assembler.swift in Sources */ = {isa = PBXBuildFile; fileRef = AED6F92B228A60AB0069C42B /* Assembler.swift */; };
		AED6F930228A65EC0069C42B /* MoviesAssembler.swift in Sources */ = {isa = PBXBuildFile; fileRef = AED6F92F228A65EC0069C42B /* MoviesAssembler.swift */; };
		AED6F936228A669F0069C42B /* Storyboards.swift in Sources */ = {isa = PBXBuildFile; fileRef = AED6F935228A669F0069C42B /* Storyboards.swift */; };
		AED6F938228A6B600069C42B /* UIViewController+.swift in Sources */ = {isa = PBXBuildFile; fileRef = AED6F937228A6B600069C42B /* UIViewController+.swift */; };
		AED6F93A228A6B6F0069C42B /* UIViewController+Rx.swift in Sources */ = {isa = PBXBuildFile; fileRef = AED6F939228A6B6F0069C42B /* UIViewController+Rx.swift */; };
		AED6F940228A6BD40069C42B /* ViewModelType+.swift in Sources */ = {isa = PBXBuildFile; fileRef = AED6F93F228A6BD40069C42B /* ViewModelType+.swift */; };
		AED6F942228A6BEA0069C42B /* Optional+.swift in Sources */ = {isa = PBXBuildFile; fileRef = AED6F941228A6BEA0069C42B /* Optional+.swift */; };
		AED6F944228A6BFA0069C42B /* Observable+.swift in Sources */ = {isa = PBXBuildFile; fileRef = AED6F943228A6BFA0069C42B /* Observable+.swift */; };
		AED6F946228A6E2F0069C42B /* UnitTestViewController.swift in Sources */ = {isa = PBXBuildFile; fileRef = AED6F945228A6E2F0069C42B /* UnitTestViewController.swift */; };
		AED6F948228A971E0069C42B /* UIColor+.swift in Sources */ = {isa = PBXBuildFile; fileRef = AED6F947228A971E0069C42B /* UIColor+.swift */; };
		AED6F94E228AACDB0069C42B /* CategoriesViewController.swift in Sources */ = {isa = PBXBuildFile; fileRef = AED6F94D228AACDB0069C42B /* CategoriesViewController.swift */; };
		AED6F950228AAD150069C42B /* FavoritesViewController.swift in Sources */ = {isa = PBXBuildFile; fileRef = AED6F94F228AAD150069C42B /* FavoritesViewController.swift */; };
		AED6F952228ABE640069C42B /* CategoriesAssembler.swift in Sources */ = {isa = PBXBuildFile; fileRef = AED6F951228ABE640069C42B /* CategoriesAssembler.swift */; };
		AED6F954228ABE790069C42B /* FavoritesAssembler.swift in Sources */ = {isa = PBXBuildFile; fileRef = AED6F953228ABE790069C42B /* FavoritesAssembler.swift */; };
		AED6F957228AC3C10069C42B /* MainViewController.swift in Sources */ = {isa = PBXBuildFile; fileRef = AED6F956228AC3C10069C42B /* MainViewController.swift */; };
		AED6F959228AC4000069C42B /* MainAssembler.swift in Sources */ = {isa = PBXBuildFile; fileRef = AED6F958228AC4000069C42B /* MainAssembler.swift */; };
		AED6F96A228BE8B50069C42B /* Constant.swift in Sources */ = {isa = PBXBuildFile; fileRef = AED6F969228BE8B50069C42B /* Constant.swift */; };
		AED6F96D228BEB130069C42B /* CategoriesNavigator.swift in Sources */ = {isa = PBXBuildFile; fileRef = AED6F96C228BEB130069C42B /* CategoriesNavigator.swift */; };
		AED6F96F228BEB1F0069C42B /* CategoriesUseCase.swift in Sources */ = {isa = PBXBuildFile; fileRef = AED6F96E228BEB1F0069C42B /* CategoriesUseCase.swift */; };
		AED6F971228BEB2E0069C42B /* CategoriesViewModel.swift in Sources */ = {isa = PBXBuildFile; fileRef = AED6F970228BEB2E0069C42B /* CategoriesViewModel.swift */; };
		AED6F974228BEE040069C42B /* CategoriesMovieCollectionViewCell.swift in Sources */ = {isa = PBXBuildFile; fileRef = AED6F972228BEE040069C42B /* CategoriesMovieCollectionViewCell.swift */; };
		AED6F975228BEE040069C42B /* CategoriesMovieCollectionViewCell.xib in Resources */ = {isa = PBXBuildFile; fileRef = AED6F973228BEE040069C42B /* CategoriesMovieCollectionViewCell.xib */; };
		AED6F977228BF3E30069C42B /* UIView+.swift in Sources */ = {isa = PBXBuildFile; fileRef = AED6F976228BF3E30069C42B /* UIView+.swift */; };
		AED6F97A228BFE6B0069C42B /* CategoriesViewControllerTests.swift in Sources */ = {isa = PBXBuildFile; fileRef = AED6F979228BFE6B0069C42B /* CategoriesViewControllerTests.swift */; };
		AED6F97C228C00AE0069C42B /* CategoriesMovieCollectionViewCellTests.swift in Sources */ = {isa = PBXBuildFile; fileRef = AED6F97B228C00AE0069C42B /* CategoriesMovieCollectionViewCellTests.swift */; };
		AED6F97E228C09890069C42B /* UIFont+.swift in Sources */ = {isa = PBXBuildFile; fileRef = AED6F97D228C09890069C42B /* UIFont+.swift */; };
		AED6F980228C0B160069C42B /* CGFloat+.swift in Sources */ = {isa = PBXBuildFile; fileRef = AED6F97F228C0B160069C42B /* CGFloat+.swift */; };
		DADCBDC6647FBD5050CE2EFC /* Pods_MovieDBTests.framework in Frameworks */ = {isa = PBXBuildFile; fileRef = F14740E5550335CB5D7ED357 /* Pods_MovieDBTests.framework */; };
/* End PBXBuildFile section */

/* Begin PBXContainerItemProxy section */
		AED6F8FE228A4C9D0069C42B /* PBXContainerItemProxy */ = {
			isa = PBXContainerItemProxy;
			containerPortal = AED6F8DE228A4C9B0069C42B /* Project object */;
			proxyType = 1;
			remoteGlobalIDString = AED6F8E5228A4C9B0069C42B;
			remoteInfo = MovieDB;
		};
/* End PBXContainerItemProxy section */

/* Begin PBXFileReference section */
		218AE6FDABD8B6A93243261D /* Pods-MovieDBTests.release.xcconfig */ = {isa = PBXFileReference; includeInIndex = 1; lastKnownFileType = text.xcconfig; name = "Pods-MovieDBTests.release.xcconfig"; path = "Target Support Files/Pods-MovieDBTests/Pods-MovieDBTests.release.xcconfig"; sourceTree = "<group>"; };
		444AD077228AB46500771A43 /* APIUrls.swift */ = {isa = PBXFileReference; lastKnownFileType = sourcecode.swift; path = APIUrls.swift; sourceTree = "<group>"; };
		444AD079228AB4B900771A43 /* APISevice.swift */ = {isa = PBXFileReference; lastKnownFileType = sourcecode.swift; path = APISevice.swift; sourceTree = "<group>"; };
		444AD07B228AB50100771A43 /* APIError.swift */ = {isa = PBXFileReference; lastKnownFileType = sourcecode.swift; path = APIError.swift; sourceTree = "<group>"; };
		444AD07F228AB6EC00771A43 /* APIInput.swift */ = {isa = PBXFileReference; lastKnownFileType = sourcecode.swift; path = APIInput.swift; sourceTree = "<group>"; };
		444AD081228AB71800771A43 /* APIOutput.swift */ = {isa = PBXFileReference; lastKnownFileType = sourcecode.swift; path = APIOutput.swift; sourceTree = "<group>"; };
		444AD096228BBBA400771A43 /* Movie.swift */ = {isa = PBXFileReference; fileEncoding = 4; lastKnownFileType = sourcecode.swift; path = Movie.swift; sourceTree = "<group>"; };
		444AD098228BC43400771A43 /* Date+.swift */ = {isa = PBXFileReference; lastKnownFileType = sourcecode.swift; path = "Date+.swift"; sourceTree = "<group>"; };
		444AD09A228BE4C400771A43 /* MoviesCollectionViewCell.swift */ = {isa = PBXFileReference; lastKnownFileType = sourcecode.swift; path = MoviesCollectionViewCell.swift; sourceTree = "<group>"; };
		444AD09B228BE4C400771A43 /* MoviesCollectionViewCell.xib */ = {isa = PBXFileReference; lastKnownFileType = file.xib; path = MoviesCollectionViewCell.xib; sourceTree = "<group>"; };
		444AD09E228BEAA100771A43 /* MoviesViewModel.swift */ = {isa = PBXFileReference; lastKnownFileType = sourcecode.swift; path = MoviesViewModel.swift; sourceTree = "<group>"; };
		444AD0A9228BED0000771A43 /* MoviesNavigator.swift */ = {isa = PBXFileReference; lastKnownFileType = sourcecode.swift; path = MoviesNavigator.swift; sourceTree = "<group>"; };
		444AD0AB228BEEE900771A43 /* MoviesUseCase.swift */ = {isa = PBXFileReference; lastKnownFileType = sourcecode.swift; path = MoviesUseCase.swift; sourceTree = "<group>"; };
		444AD0B2228BFBC900771A43 /* RepositoriesAssembler.swift */ = {isa = PBXFileReference; lastKnownFileType = sourcecode.swift; path = RepositoriesAssembler.swift; sourceTree = "<group>"; };
		44870E09228E58B500CF5A70 /* MovieViewModel.swift */ = {isa = PBXFileReference; lastKnownFileType = sourcecode.swift; path = MovieViewModel.swift; sourceTree = "<group>"; };
		44870E272293B2AF00CF5A70 /* SearchViewModel.swift */ = {isa = PBXFileReference; fileEncoding = 4; lastKnownFileType = sourcecode.swift; path = SearchViewModel.swift; sourceTree = "<group>"; };
		44870E282293B2AF00CF5A70 /* SearchViewController.swift */ = {isa = PBXFileReference; fileEncoding = 4; lastKnownFileType = sourcecode.swift; path = SearchViewController.swift; sourceTree = "<group>"; };
		44870E292293B2AF00CF5A70 /* SearchNavigator.swift */ = {isa = PBXFileReference; fileEncoding = 4; lastKnownFileType = sourcecode.swift; path = SearchNavigator.swift; sourceTree = "<group>"; };
		44870E2A2293B2AF00CF5A70 /* SearchUseCase.swift */ = {isa = PBXFileReference; fileEncoding = 4; lastKnownFileType = sourcecode.swift; path = SearchUseCase.swift; sourceTree = "<group>"; };
		44870E2B2293B2AF00CF5A70 /* SearchAssembler.swift */ = {isa = PBXFileReference; fileEncoding = 4; lastKnownFileType = sourcecode.swift; path = SearchAssembler.swift; sourceTree = "<group>"; };
		44870E322293B2E600CF5A70 /* SearchTableViewCell.swift */ = {isa = PBXFileReference; fileEncoding = 4; lastKnownFileType = sourcecode.swift; path = SearchTableViewCell.swift; sourceTree = "<group>"; };
		44870E332293B2E600CF5A70 /* SearchTableViewCell.xib */ = {isa = PBXFileReference; fileEncoding = 4; lastKnownFileType = file.xib; path = SearchTableViewCell.xib; sourceTree = "<group>"; };
		44870E362293B35C00CF5A70 /* API+Search.swift */ = {isa = PBXFileReference; fileEncoding = 4; lastKnownFileType = sourcecode.swift; name = "API+Search.swift"; path = "MovieDB/Platform/Services/API+Search.swift"; sourceTree = SOURCE_ROOT; };
		44870E382293B37F00CF5A70 /* SearchRepository.swift */ = {isa = PBXFileReference; fileEncoding = 4; lastKnownFileType = sourcecode.swift; path = SearchRepository.swift; sourceTree = "<group>"; };
		44870E3A2293B54E00CF5A70 /* SearchMovies.storyboard */ = {isa = PBXFileReference; fileEncoding = 4; lastKnownFileType = file.storyboard; path = SearchMovies.storyboard; sourceTree = "<group>"; };
		451583171B428351B576611A /* Pods-MovieDBTests.debug.xcconfig */ = {isa = PBXFileReference; includeInIndex = 1; lastKnownFileType = text.xcconfig; name = "Pods-MovieDBTests.debug.xcconfig"; path = "Target Support Files/Pods-MovieDBTests/Pods-MovieDBTests.debug.xcconfig"; sourceTree = "<group>"; };
		9653E01BE04AAC3F79580FB9 /* Pods-MovieDB.debug.xcconfig */ = {isa = PBXFileReference; includeInIndex = 1; lastKnownFileType = text.xcconfig; name = "Pods-MovieDB.debug.xcconfig"; path = "Target Support Files/Pods-MovieDB/Pods-MovieDB.debug.xcconfig"; sourceTree = "<group>"; };
		AE5E92C222952F7C00D4CBF0 /* VideoViewController.swift */ = {isa = PBXFileReference; lastKnownFileType = sourcecode.swift; path = VideoViewController.swift; sourceTree = "<group>"; };
		AE5E92C4229530C800D4CBF0 /* VideoAssembler.swift */ = {isa = PBXFileReference; lastKnownFileType = sourcecode.swift; path = VideoAssembler.swift; sourceTree = "<group>"; };
		AE5E92C62295341B00D4CBF0 /* VideoViewModel.swift */ = {isa = PBXFileReference; lastKnownFileType = sourcecode.swift; path = VideoViewModel.swift; sourceTree = "<group>"; };
		AE5E92C92295409A00D4CBF0 /* VideoViewControllerTests.swift */ = {isa = PBXFileReference; lastKnownFileType = sourcecode.swift; path = VideoViewControllerTests.swift; sourceTree = "<group>"; };
		AE5E92CC229638B100D4CBF0 /* CreditCollectionViewCell.swift */ = {isa = PBXFileReference; lastKnownFileType = sourcecode.swift; path = CreditCollectionViewCell.swift; sourceTree = "<group>"; };
		AE5E92CD229638B100D4CBF0 /* CreditCollectionViewCell.xib */ = {isa = PBXFileReference; lastKnownFileType = file.xib; path = CreditCollectionViewCell.xib; sourceTree = "<group>"; };
		AE5E92D022963B7100D4CBF0 /* CastCrewViewModel.swift */ = {isa = PBXFileReference; lastKnownFileType = sourcecode.swift; path = CastCrewViewModel.swift; sourceTree = "<group>"; };
		AE5E92D222963B8900D4CBF0 /* CastCrewNavigator.swift */ = {isa = PBXFileReference; lastKnownFileType = sourcecode.swift; path = CastCrewNavigator.swift; sourceTree = "<group>"; };
		AE5E92D422963BA300D4CBF0 /* CastCrewUseCase.swift */ = {isa = PBXFileReference; lastKnownFileType = sourcecode.swift; path = CastCrewUseCase.swift; sourceTree = "<group>"; };
		AE5E92D7229642A500D4CBF0 /* CastCrewViewControllerTests.swift */ = {isa = PBXFileReference; lastKnownFileType = sourcecode.swift; path = CastCrewViewControllerTests.swift; sourceTree = "<group>"; };
		AE5E92D92296435B00D4CBF0 /* CreditCollectionViewCellTests.swift */ = {isa = PBXFileReference; lastKnownFileType = sourcecode.swift; path = CreditCollectionViewCellTests.swift; sourceTree = "<group>"; };
		AE5E92DB22964B7000D4CBF0 /* CastCrewDetail.swift */ = {isa = PBXFileReference; lastKnownFileType = sourcecode.swift; path = CastCrewDetail.swift; sourceTree = "<group>"; };
		AE5E92DD22964D1A00D4CBF0 /* API+CastCrewDetail.swift */ = {isa = PBXFileReference; lastKnownFileType = sourcecode.swift; path = "API+CastCrewDetail.swift"; sourceTree = "<group>"; };
		AE5E92DF22964E9E00D4CBF0 /* CastCrewDetailRepository.swift */ = {isa = PBXFileReference; lastKnownFileType = sourcecode.swift; path = CastCrewDetailRepository.swift; sourceTree = "<group>"; };
		AE5E92E1229659D300D4CBF0 /* CastCrewDetailModel.swift */ = {isa = PBXFileReference; lastKnownFileType = sourcecode.swift; path = CastCrewDetailModel.swift; sourceTree = "<group>"; };
		AE5E92E322965C7F00D4CBF0 /* CreditModel.swift */ = {isa = PBXFileReference; lastKnownFileType = sourcecode.swift; path = CreditModel.swift; sourceTree = "<group>"; };
		AE5E92E5229674D100D4CBF0 /* CastCrewViewModelTests.swift */ = {isa = PBXFileReference; lastKnownFileType = sourcecode.swift; path = CastCrewViewModelTests.swift; sourceTree = "<group>"; };
		AE5E92E72296752700D4CBF0 /* CastCrewNavigatorMock.swift */ = {isa = PBXFileReference; lastKnownFileType = sourcecode.swift; path = CastCrewNavigatorMock.swift; sourceTree = "<group>"; };
		AE5E92E9229676B400D4CBF0 /* CastCrewUseCaseMock.swift */ = {isa = PBXFileReference; lastKnownFileType = sourcecode.swift; path = CastCrewUseCaseMock.swift; sourceTree = "<group>"; };
		AE7B1718228D0E6D00DB6571 /* API+Movie.swift */ = {isa = PBXFileReference; lastKnownFileType = sourcecode.swift; path = "API+Movie.swift"; sourceTree = "<group>"; };
		AE7B171A228D13F400DB6571 /* MovieRepository.swift */ = {isa = PBXFileReference; lastKnownFileType = sourcecode.swift; path = MovieRepository.swift; sourceTree = "<group>"; };
		AE7B171E228D381800DB6571 /* DataSourceSection.swift */ = {isa = PBXFileReference; lastKnownFileType = sourcecode.swift; path = DataSourceSection.swift; sourceTree = "<group>"; };
		AE7B1720228D454800DB6571 /* APIKey.swift */ = {isa = PBXFileReference; lastKnownFileType = sourcecode.swift; path = APIKey.swift; sourceTree = "<group>"; };
		AE7B1722228D48F300DB6571 /* CategoriesViewModelTests.swift */ = {isa = PBXFileReference; lastKnownFileType = sourcecode.swift; path = CategoriesViewModelTests.swift; sourceTree = "<group>"; };
		AE7B1724228D497E00DB6571 /* CategoriesNavigatorMock.swift */ = {isa = PBXFileReference; lastKnownFileType = sourcecode.swift; path = CategoriesNavigatorMock.swift; sourceTree = "<group>"; };
		AE7B1726228D4A0000DB6571 /* CategoriesUseCaseMock.swift */ = {isa = PBXFileReference; lastKnownFileType = sourcecode.swift; path = CategoriesUseCaseMock.swift; sourceTree = "<group>"; };
		AE7B1728228D518000DB6571 /* TestError.swift */ = {isa = PBXFileReference; lastKnownFileType = sourcecode.swift; path = TestError.swift; sourceTree = "<group>"; };
		AE7B172A228D5AD900DB6571 /* CategoriesMovieModel.swift */ = {isa = PBXFileReference; lastKnownFileType = sourcecode.swift; path = CategoriesMovieModel.swift; sourceTree = "<group>"; };
		AE7B172C228E4E1A00DB6571 /* CategoryType.swift */ = {isa = PBXFileReference; lastKnownFileType = sourcecode.swift; path = CategoryType.swift; sourceTree = "<group>"; };
		AE7B172E228E56DB00DB6571 /* TTSegmentedControl+Rx.swift */ = {isa = PBXFileReference; lastKnownFileType = sourcecode.swift; path = "TTSegmentedControl+Rx.swift"; sourceTree = "<group>"; };
		AE7B1730228E83EA00DB6571 /* MovieDetail.storyboard */ = {isa = PBXFileReference; lastKnownFileType = file.storyboard; path = MovieDetail.storyboard; sourceTree = "<group>"; };
		AE7B1733228E84E800DB6571 /* MovieDetailViewController.swift */ = {isa = PBXFileReference; lastKnownFileType = sourcecode.swift; path = MovieDetailViewController.swift; sourceTree = "<group>"; };
		AE7B1735228E859400DB6571 /* MovieDetailAssembler.swift */ = {isa = PBXFileReference; lastKnownFileType = sourcecode.swift; path = MovieDetailAssembler.swift; sourceTree = "<group>"; };
		AE7B1737228EAAC400DB6571 /* UICollectionView+Rx.swift */ = {isa = PBXFileReference; lastKnownFileType = sourcecode.swift; path = "UICollectionView+Rx.swift"; sourceTree = "<group>"; };
		AE7B173A228EAC6400DB6571 /* EmptyDataView.swift */ = {isa = PBXFileReference; lastKnownFileType = sourcecode.swift; path = EmptyDataView.swift; sourceTree = "<group>"; };
		AE7B173C228EAC8F00DB6571 /* EmptyDataView.xib */ = {isa = PBXFileReference; lastKnownFileType = file.xib; path = EmptyDataView.xib; sourceTree = "<group>"; };
		AE7B1741229253D100DB6571 /* CastCrewCollectionViewCell.swift */ = {isa = PBXFileReference; lastKnownFileType = sourcecode.swift; path = CastCrewCollectionViewCell.swift; sourceTree = "<group>"; };
		AE7B1742229253D100DB6571 /* CastCrewCollectionViewCell.xib */ = {isa = PBXFileReference; lastKnownFileType = file.xib; path = CastCrewCollectionViewCell.xib; sourceTree = "<group>"; };
		AE7B1747229255C900DB6571 /* ReviewTableViewCell.swift */ = {isa = PBXFileReference; lastKnownFileType = sourcecode.swift; path = ReviewTableViewCell.swift; sourceTree = "<group>"; };
		AE7B1748229255C900DB6571 /* ReviewTableViewCell.xib */ = {isa = PBXFileReference; lastKnownFileType = file.xib; path = ReviewTableViewCell.xib; sourceTree = "<group>"; };
		AE7B174B229288EC00DB6571 /* MovieDetailNavigator.swift */ = {isa = PBXFileReference; lastKnownFileType = sourcecode.swift; path = MovieDetailNavigator.swift; sourceTree = "<group>"; };
		AE7B174D2292890500DB6571 /* MovieDetailUseCase.swift */ = {isa = PBXFileReference; lastKnownFileType = sourcecode.swift; path = MovieDetailUseCase.swift; sourceTree = "<group>"; };
		AE7B174F2292892400DB6571 /* MovieDetailViewModel.swift */ = {isa = PBXFileReference; lastKnownFileType = sourcecode.swift; path = MovieDetailViewModel.swift; sourceTree = "<group>"; };
		AE7B175122928E6E00DB6571 /* MovieDetailOverviewViewController.swift */ = {isa = PBXFileReference; lastKnownFileType = sourcecode.swift; path = MovieDetailOverviewViewController.swift; sourceTree = "<group>"; };
		AE7B1755229293C400DB6571 /* MovieDetailReviewsViewController.swift */ = {isa = PBXFileReference; lastKnownFileType = sourcecode.swift; path = MovieDetailReviewsViewController.swift; sourceTree = "<group>"; };
		AE7B17572292964600DB6571 /* MovieDetailReviewsAssembler.swift */ = {isa = PBXFileReference; lastKnownFileType = sourcecode.swift; path = MovieDetailReviewsAssembler.swift; sourceTree = "<group>"; };
		AE7B17592292A9F800DB6571 /* MovieDetailReviewsViewModel.swift */ = {isa = PBXFileReference; lastKnownFileType = sourcecode.swift; path = MovieDetailReviewsViewModel.swift; sourceTree = "<group>"; };
		AE7B175B2293863900DB6571 /* MovieDetailOverviewAssembler.swift */ = {isa = PBXFileReference; lastKnownFileType = sourcecode.swift; path = MovieDetailOverviewAssembler.swift; sourceTree = "<group>"; };
		AE7B175D2293865000DB6571 /* MovieDetailOverviewViewModel.swift */ = {isa = PBXFileReference; lastKnownFileType = sourcecode.swift; path = MovieDetailOverviewViewModel.swift; sourceTree = "<group>"; };
		AE7B176022938FA100DB6571 /* CastCrew.storyboard */ = {isa = PBXFileReference; lastKnownFileType = file.storyboard; path = CastCrew.storyboard; sourceTree = "<group>"; };
		AE7B17632293902C00DB6571 /* CastCrewViewController.swift */ = {isa = PBXFileReference; lastKnownFileType = sourcecode.swift; path = CastCrewViewController.swift; sourceTree = "<group>"; };
		AE7B17652293903A00DB6571 /* CastCrewAssembler.swift */ = {isa = PBXFileReference; lastKnownFileType = sourcecode.swift; path = CastCrewAssembler.swift; sourceTree = "<group>"; };
		AE7B17682293959A00DB6571 /* MovieDetailViewControllerTests.swift */ = {isa = PBXFileReference; lastKnownFileType = sourcecode.swift; path = MovieDetailViewControllerTests.swift; sourceTree = "<group>"; };
		AE7B176A22939EF400DB6571 /* CastCrewCollectionViewCellTests.swift */ = {isa = PBXFileReference; lastKnownFileType = sourcecode.swift; path = CastCrewCollectionViewCellTests.swift; sourceTree = "<group>"; };
		AE7B176E22939FE000DB6571 /* MovieDetailOverviewViewControllerTests.swift */ = {isa = PBXFileReference; lastKnownFileType = sourcecode.swift; path = MovieDetailOverviewViewControllerTests.swift; sourceTree = "<group>"; };
		AE7B17702293A09300DB6571 /* MovieDetailReviewsViewControllerTests.swift */ = {isa = PBXFileReference; lastKnownFileType = sourcecode.swift; path = MovieDetailReviewsViewControllerTests.swift; sourceTree = "<group>"; };
		AE7B17722293A13000DB6571 /* ReviewTableViewCellTests.swift */ = {isa = PBXFileReference; lastKnownFileType = sourcecode.swift; path = ReviewTableViewCellTests.swift; sourceTree = "<group>"; };
		AE7B17742293A1D400DB6571 /* MovieDetailViewModelTests.swift */ = {isa = PBXFileReference; lastKnownFileType = sourcecode.swift; path = MovieDetailViewModelTests.swift; sourceTree = "<group>"; };
		AE7B17762293A24E00DB6571 /* MovieDetailNavigatorMock.swift */ = {isa = PBXFileReference; lastKnownFileType = sourcecode.swift; path = MovieDetailNavigatorMock.swift; sourceTree = "<group>"; };
		AE7B17782293A35D00DB6571 /* MovieDetailUseCaseMock.swift */ = {isa = PBXFileReference; lastKnownFileType = sourcecode.swift; path = MovieDetailUseCaseMock.swift; sourceTree = "<group>"; };
		AE7B177A2293ACFB00DB6571 /* MovieDetail.swift */ = {isa = PBXFileReference; lastKnownFileType = sourcecode.swift; path = MovieDetail.swift; sourceTree = "<group>"; };
		AE7B177C2293B09A00DB6571 /* Video.swift */ = {isa = PBXFileReference; lastKnownFileType = sourcecode.swift; path = Video.swift; sourceTree = "<group>"; };
		AE7B177E2293B3EE00DB6571 /* API+MovieDetail.swift */ = {isa = PBXFileReference; lastKnownFileType = sourcecode.swift; path = "API+MovieDetail.swift"; sourceTree = "<group>"; };
		AE7B17802293B5E500DB6571 /* MovieDetailRepository.swift */ = {isa = PBXFileReference; lastKnownFileType = sourcecode.swift; path = MovieDetailRepository.swift; sourceTree = "<group>"; };
		AE7B17822293C9F500DB6571 /* MovieDetailModel.swift */ = {isa = PBXFileReference; lastKnownFileType = sourcecode.swift; path = MovieDetailModel.swift; sourceTree = "<group>"; };
		AE7B17852293D9CE00DB6571 /* MovieDetailTests.swift */ = {isa = PBXFileReference; lastKnownFileType = sourcecode.swift; path = MovieDetailTests.swift; sourceTree = "<group>"; };
		AE7B17872293EA4900DB6571 /* CastCrew.swift */ = {isa = PBXFileReference; lastKnownFileType = sourcecode.swift; path = CastCrew.swift; sourceTree = "<group>"; };
		AE7B17892293EB9000DB6571 /* CastCrewTests.swift */ = {isa = PBXFileReference; lastKnownFileType = sourcecode.swift; path = CastCrewTests.swift; sourceTree = "<group>"; };
		AE7B178B2293F12D00DB6571 /* CastCrewModel.swift */ = {isa = PBXFileReference; lastKnownFileType = sourcecode.swift; path = CastCrewModel.swift; sourceTree = "<group>"; };
		AE7B178D2293F8CB00DB6571 /* Review.swift */ = {isa = PBXFileReference; lastKnownFileType = sourcecode.swift; path = Review.swift; sourceTree = "<group>"; };
		AE7B178F2293FC8B00DB6571 /* ReviewModel.swift */ = {isa = PBXFileReference; lastKnownFileType = sourcecode.swift; path = ReviewModel.swift; sourceTree = "<group>"; };
		AE7B17912293FE2100DB6571 /* UITableView+Rx.swift */ = {isa = PBXFileReference; lastKnownFileType = sourcecode.swift; path = "UITableView+Rx.swift"; sourceTree = "<group>"; };
		AED6F8E6228A4C9B0069C42B /* MovieDB.app */ = {isa = PBXFileReference; explicitFileType = wrapper.application; includeInIndex = 0; path = MovieDB.app; sourceTree = BUILT_PRODUCTS_DIR; };
		AED6F8E9228A4C9B0069C42B /* AppDelegate.swift */ = {isa = PBXFileReference; lastKnownFileType = sourcecode.swift; path = AppDelegate.swift; sourceTree = "<group>"; };
		AED6F8EB228A4C9B0069C42B /* MoviesViewController.swift */ = {isa = PBXFileReference; lastKnownFileType = sourcecode.swift; path = MoviesViewController.swift; sourceTree = "<group>"; };
		AED6F8EE228A4C9B0069C42B /* Base */ = {isa = PBXFileReference; lastKnownFileType = file.storyboard; name = Base; path = Base.lproj/Main.storyboard; sourceTree = "<group>"; };
		AED6F8F1228A4C9B0069C42B /* MovieDB.xcdatamodel */ = {isa = PBXFileReference; lastKnownFileType = wrapper.xcdatamodel; path = MovieDB.xcdatamodel; sourceTree = "<group>"; };
		AED6F8F3228A4C9D0069C42B /* Assets.xcassets */ = {isa = PBXFileReference; lastKnownFileType = folder.assetcatalog; path = Assets.xcassets; sourceTree = "<group>"; };
		AED6F8F6228A4C9D0069C42B /* Base */ = {isa = PBXFileReference; lastKnownFileType = file.storyboard; name = Base; path = Base.lproj/LaunchScreen.storyboard; sourceTree = "<group>"; };
		AED6F8F8228A4C9D0069C42B /* Info.plist */ = {isa = PBXFileReference; lastKnownFileType = text.plist.xml; path = Info.plist; sourceTree = "<group>"; };
		AED6F8FD228A4C9D0069C42B /* MovieDBTests.xctest */ = {isa = PBXFileReference; explicitFileType = wrapper.cfbundle; includeInIndex = 0; path = MovieDBTests.xctest; sourceTree = BUILT_PRODUCTS_DIR; };
		AED6F903228A4C9D0069C42B /* Info.plist */ = {isa = PBXFileReference; lastKnownFileType = text.plist.xml; path = Info.plist; sourceTree = "<group>"; };
		AED6F918228A57C90069C42B /* Bridging-Headers.h */ = {isa = PBXFileReference; lastKnownFileType = sourcecode.c.h; path = "Bridging-Headers.h"; sourceTree = "<group>"; };
		AED6F919228A5A420069C42B /* AppViewModelTests.swift */ = {isa = PBXFileReference; lastKnownFileType = sourcecode.swift; path = AppViewModelTests.swift; sourceTree = "<group>"; };
		AED6F91B228A5AA90069C42B /* AppViewModel.swift */ = {isa = PBXFileReference; lastKnownFileType = sourcecode.swift; path = AppViewModel.swift; sourceTree = "<group>"; };
		AED6F921228A5D250069C42B /* AppNavigatorMock.swift */ = {isa = PBXFileReference; lastKnownFileType = sourcecode.swift; path = AppNavigatorMock.swift; sourceTree = "<group>"; };
		AED6F923228A5D540069C42B /* AppUseCaseMock.swift */ = {isa = PBXFileReference; lastKnownFileType = sourcecode.swift; path = AppUseCaseMock.swift; sourceTree = "<group>"; };
		AED6F925228A5FF50069C42B /* AppUseCase.swift */ = {isa = PBXFileReference; lastKnownFileType = sourcecode.swift; path = AppUseCase.swift; sourceTree = "<group>"; };
		AED6F927228A60070069C42B /* AppNavigator.swift */ = {isa = PBXFileReference; lastKnownFileType = sourcecode.swift; path = AppNavigator.swift; sourceTree = "<group>"; };
		AED6F929228A601A0069C42B /* AppAssembler.swift */ = {isa = PBXFileReference; lastKnownFileType = sourcecode.swift; path = AppAssembler.swift; sourceTree = "<group>"; };
		AED6F92B228A60AB0069C42B /* Assembler.swift */ = {isa = PBXFileReference; lastKnownFileType = sourcecode.swift; path = Assembler.swift; sourceTree = "<group>"; };
		AED6F92F228A65EC0069C42B /* MoviesAssembler.swift */ = {isa = PBXFileReference; lastKnownFileType = sourcecode.swift; path = MoviesAssembler.swift; sourceTree = "<group>"; };
		AED6F935228A669F0069C42B /* Storyboards.swift */ = {isa = PBXFileReference; lastKnownFileType = sourcecode.swift; path = Storyboards.swift; sourceTree = "<group>"; };
		AED6F937228A6B600069C42B /* UIViewController+.swift */ = {isa = PBXFileReference; lastKnownFileType = sourcecode.swift; path = "UIViewController+.swift"; sourceTree = "<group>"; };
		AED6F939228A6B6F0069C42B /* UIViewController+Rx.swift */ = {isa = PBXFileReference; lastKnownFileType = sourcecode.swift; path = "UIViewController+Rx.swift"; sourceTree = "<group>"; };
		AED6F93F228A6BD40069C42B /* ViewModelType+.swift */ = {isa = PBXFileReference; lastKnownFileType = sourcecode.swift; path = "ViewModelType+.swift"; sourceTree = "<group>"; };
		AED6F941228A6BEA0069C42B /* Optional+.swift */ = {isa = PBXFileReference; lastKnownFileType = sourcecode.swift; path = "Optional+.swift"; sourceTree = "<group>"; };
		AED6F943228A6BFA0069C42B /* Observable+.swift */ = {isa = PBXFileReference; lastKnownFileType = sourcecode.swift; path = "Observable+.swift"; sourceTree = "<group>"; };
		AED6F945228A6E2F0069C42B /* UnitTestViewController.swift */ = {isa = PBXFileReference; lastKnownFileType = sourcecode.swift; path = UnitTestViewController.swift; sourceTree = "<group>"; };
		AED6F947228A971E0069C42B /* UIColor+.swift */ = {isa = PBXFileReference; lastKnownFileType = sourcecode.swift; path = "UIColor+.swift"; sourceTree = "<group>"; };
		AED6F94D228AACDB0069C42B /* CategoriesViewController.swift */ = {isa = PBXFileReference; lastKnownFileType = sourcecode.swift; path = CategoriesViewController.swift; sourceTree = "<group>"; };
		AED6F94F228AAD150069C42B /* FavoritesViewController.swift */ = {isa = PBXFileReference; lastKnownFileType = sourcecode.swift; path = FavoritesViewController.swift; sourceTree = "<group>"; };
		AED6F951228ABE640069C42B /* CategoriesAssembler.swift */ = {isa = PBXFileReference; lastKnownFileType = sourcecode.swift; path = CategoriesAssembler.swift; sourceTree = "<group>"; };
		AED6F953228ABE790069C42B /* FavoritesAssembler.swift */ = {isa = PBXFileReference; lastKnownFileType = sourcecode.swift; path = FavoritesAssembler.swift; sourceTree = "<group>"; };
		AED6F956228AC3C10069C42B /* MainViewController.swift */ = {isa = PBXFileReference; lastKnownFileType = sourcecode.swift; path = MainViewController.swift; sourceTree = "<group>"; };
		AED6F958228AC4000069C42B /* MainAssembler.swift */ = {isa = PBXFileReference; lastKnownFileType = sourcecode.swift; path = MainAssembler.swift; sourceTree = "<group>"; };
		AED6F969228BE8B50069C42B /* Constant.swift */ = {isa = PBXFileReference; lastKnownFileType = sourcecode.swift; path = Constant.swift; sourceTree = "<group>"; };
		AED6F96C228BEB130069C42B /* CategoriesNavigator.swift */ = {isa = PBXFileReference; lastKnownFileType = sourcecode.swift; path = CategoriesNavigator.swift; sourceTree = "<group>"; };
		AED6F96E228BEB1F0069C42B /* CategoriesUseCase.swift */ = {isa = PBXFileReference; lastKnownFileType = sourcecode.swift; path = CategoriesUseCase.swift; sourceTree = "<group>"; };
		AED6F970228BEB2E0069C42B /* CategoriesViewModel.swift */ = {isa = PBXFileReference; lastKnownFileType = sourcecode.swift; path = CategoriesViewModel.swift; sourceTree = "<group>"; };
		AED6F972228BEE040069C42B /* CategoriesMovieCollectionViewCell.swift */ = {isa = PBXFileReference; lastKnownFileType = sourcecode.swift; path = CategoriesMovieCollectionViewCell.swift; sourceTree = "<group>"; };
		AED6F973228BEE040069C42B /* CategoriesMovieCollectionViewCell.xib */ = {isa = PBXFileReference; lastKnownFileType = file.xib; path = CategoriesMovieCollectionViewCell.xib; sourceTree = "<group>"; };
		AED6F976228BF3E30069C42B /* UIView+.swift */ = {isa = PBXFileReference; lastKnownFileType = sourcecode.swift; path = "UIView+.swift"; sourceTree = "<group>"; };
		AED6F979228BFE6B0069C42B /* CategoriesViewControllerTests.swift */ = {isa = PBXFileReference; lastKnownFileType = sourcecode.swift; path = CategoriesViewControllerTests.swift; sourceTree = "<group>"; };
		AED6F97B228C00AE0069C42B /* CategoriesMovieCollectionViewCellTests.swift */ = {isa = PBXFileReference; lastKnownFileType = sourcecode.swift; path = CategoriesMovieCollectionViewCellTests.swift; sourceTree = "<group>"; };
		AED6F97D228C09890069C42B /* UIFont+.swift */ = {isa = PBXFileReference; lastKnownFileType = sourcecode.swift; path = "UIFont+.swift"; sourceTree = "<group>"; };
		AED6F97F228C0B160069C42B /* CGFloat+.swift */ = {isa = PBXFileReference; lastKnownFileType = sourcecode.swift; path = "CGFloat+.swift"; sourceTree = "<group>"; };
		D86742B355B0DA96D3459E31 /* Pods-MovieDB.release.xcconfig */ = {isa = PBXFileReference; includeInIndex = 1; lastKnownFileType = text.xcconfig; name = "Pods-MovieDB.release.xcconfig"; path = "Target Support Files/Pods-MovieDB/Pods-MovieDB.release.xcconfig"; sourceTree = "<group>"; };
		E95921B81FBE3D5FEF92C39E /* Pods_MovieDB.framework */ = {isa = PBXFileReference; explicitFileType = wrapper.framework; includeInIndex = 0; path = Pods_MovieDB.framework; sourceTree = BUILT_PRODUCTS_DIR; };
		F14740E5550335CB5D7ED357 /* Pods_MovieDBTests.framework */ = {isa = PBXFileReference; explicitFileType = wrapper.framework; includeInIndex = 0; path = Pods_MovieDBTests.framework; sourceTree = BUILT_PRODUCTS_DIR; };
/* End PBXFileReference section */

/* Begin PBXFrameworksBuildPhase section */
		AED6F8E3228A4C9B0069C42B /* Frameworks */ = {
			isa = PBXFrameworksBuildPhase;
			buildActionMask = 2147483647;
			files = (
				684543FFB7CEB3E7C94D59DF /* Pods_MovieDB.framework in Frameworks */,
			);
			runOnlyForDeploymentPostprocessing = 0;
		};
		AED6F8FA228A4C9D0069C42B /* Frameworks */ = {
			isa = PBXFrameworksBuildPhase;
			buildActionMask = 2147483647;
			files = (
				DADCBDC6647FBD5050CE2EFC /* Pods_MovieDBTests.framework in Frameworks */,
			);
			runOnlyForDeploymentPostprocessing = 0;
		};
/* End PBXFrameworksBuildPhase section */

/* Begin PBXGroup section */
		444AD070228AA4C900771A43 /* Models */ = {
			isa = PBXGroup;
			children = (
				444AD096228BBBA400771A43 /* Movie.swift */,
				AE7B177A2293ACFB00DB6571 /* MovieDetail.swift */,
				AE7B177C2293B09A00DB6571 /* Video.swift */,
				AE7B178D2293F8CB00DB6571 /* Review.swift */,
				AE7B17872293EA4900DB6571 /* CastCrew.swift */,
				AE5E92DB22964B7000D4CBF0 /* CastCrewDetail.swift */,
			);
			path = Models;
			sourceTree = "<group>";
		};
		444AD073228AB33700771A43 /* Services */ = {
			isa = PBXGroup;
			children = (
				444AD076228AB39C00771A43 /* API */,
				AE7B1718228D0E6D00DB6571 /* API+Movie.swift */,
				44870E362293B35C00CF5A70 /* API+Search.swift */,
				AE7B177E2293B3EE00DB6571 /* API+MovieDetail.swift */,
				AE5E92DD22964D1A00D4CBF0 /* API+CastCrewDetail.swift */,
			);
			path = Services;
			sourceTree = "<group>";
		};
		444AD076228AB39C00771A43 /* API */ = {
			isa = PBXGroup;
			children = (
				444AD077228AB46500771A43 /* APIUrls.swift */,
				444AD079228AB4B900771A43 /* APISevice.swift */,
				444AD07B228AB50100771A43 /* APIError.swift */,
				444AD07F228AB6EC00771A43 /* APIInput.swift */,
				444AD081228AB71800771A43 /* APIOutput.swift */,
			);
			path = API;
			sourceTree = "<group>";
		};
		444AD0AD228BEFB900771A43 /* Repositories */ = {
			isa = PBXGroup;
			children = (
				44870E382293B37F00CF5A70 /* SearchRepository.swift */,
				AE7B171A228D13F400DB6571 /* MovieRepository.swift */,
				AE7B17802293B5E500DB6571 /* MovieDetailRepository.swift */,
				AE5E92DF22964E9E00D4CBF0 /* CastCrewDetailRepository.swift */,
				444AD0B2228BFBC900771A43 /* RepositoriesAssembler.swift */,
			);
			path = Repositories;
			sourceTree = "<group>";
		};
		44870E262293B21A00CF5A70 /* Search */ = {
			isa = PBXGroup;
			children = (
				44870E312293B2B800CF5A70 /* Cell */,
				44870E2B2293B2AF00CF5A70 /* SearchAssembler.swift */,
				44870E292293B2AF00CF5A70 /* SearchNavigator.swift */,
				44870E2A2293B2AF00CF5A70 /* SearchUseCase.swift */,
				44870E282293B2AF00CF5A70 /* SearchViewController.swift */,
				44870E272293B2AF00CF5A70 /* SearchViewModel.swift */,
			);
			path = Search;
			sourceTree = "<group>";
		};
		44870E312293B2B800CF5A70 /* Cell */ = {
			isa = PBXGroup;
			children = (
				44870E322293B2E600CF5A70 /* SearchTableViewCell.swift */,
				44870E332293B2E600CF5A70 /* SearchTableViewCell.xib */,
			);
			path = Cell;
			sourceTree = "<group>";
		};
		AE5E92C122952F5A00D4CBF0 /* Video */ = {
			isa = PBXGroup;
			children = (
				AE5E92C4229530C800D4CBF0 /* VideoAssembler.swift */,
				AE5E92C222952F7C00D4CBF0 /* VideoViewController.swift */,
				AE5E92C62295341B00D4CBF0 /* VideoViewModel.swift */,
			);
			path = Video;
			sourceTree = "<group>";
		};
		AE5E92C82295408300D4CBF0 /* Video */ = {
			isa = PBXGroup;
			children = (
				AE5E92C92295409A00D4CBF0 /* VideoViewControllerTests.swift */,
			);
			path = Video;
			sourceTree = "<group>";
		};
		AE5E92CB2296384A00D4CBF0 /* Cells */ = {
			isa = PBXGroup;
			children = (
				AE5E92CC229638B100D4CBF0 /* CreditCollectionViewCell.swift */,
				AE5E92CD229638B100D4CBF0 /* CreditCollectionViewCell.xib */,
				AE5E92E322965C7F00D4CBF0 /* CreditModel.swift */,
			);
			path = Cells;
			sourceTree = "<group>";
		};
		AE5E92D62296428200D4CBF0 /* CastCrew */ = {
			isa = PBXGroup;
			children = (
				AE5E92D92296435B00D4CBF0 /* CreditCollectionViewCellTests.swift */,
				AE5E92E72296752700D4CBF0 /* CastCrewNavigatorMock.swift */,
				AE5E92E9229676B400D4CBF0 /* CastCrewUseCaseMock.swift */,
				AE5E92D7229642A500D4CBF0 /* CastCrewViewControllerTests.swift */,
				AE5E92E5229674D100D4CBF0 /* CastCrewViewModelTests.swift */,
			);
			path = CastCrew;
			sourceTree = "<group>";
		};
		AE7B1732228E843B00DB6571 /* MovieDetail */ = {
			isa = PBXGroup;
			children = (
				AE7B1740229253A600DB6571 /* Cells */,
				AE7B1735228E859400DB6571 /* MovieDetailAssembler.swift */,
				AE7B174B229288EC00DB6571 /* MovieDetailNavigator.swift */,
				AE7B174D2292890500DB6571 /* MovieDetailUseCase.swift */,
				AE7B1733228E84E800DB6571 /* MovieDetailViewController.swift */,
				AE7B174F2292892400DB6571 /* MovieDetailViewModel.swift */,
				AE7B17822293C9F500DB6571 /* MovieDetailModel.swift */,
			);
			path = MovieDetail;
			sourceTree = "<group>";
		};
		AE7B1739228EAC2E00DB6571 /* Common */ = {
			isa = PBXGroup;
			children = (
				AE7B173A228EAC6400DB6571 /* EmptyDataView.swift */,
				AE7B173C228EAC8F00DB6571 /* EmptyDataView.xib */,
			);
			path = Common;
			sourceTree = "<group>";
		};
		AE7B1740229253A600DB6571 /* Cells */ = {
			isa = PBXGroup;
			children = (
				AE7B1741229253D100DB6571 /* CastCrewCollectionViewCell.swift */,
				AE7B1742229253D100DB6571 /* CastCrewCollectionViewCell.xib */,
				AE7B178B2293F12D00DB6571 /* CastCrewModel.swift */,
			);
			path = Cells;
			sourceTree = "<group>";
		};
		AE7B175322928E8500DB6571 /* MovieDetailOverview */ = {
			isa = PBXGroup;
			children = (
				AE7B175B2293863900DB6571 /* MovieDetailOverviewAssembler.swift */,
				AE7B175122928E6E00DB6571 /* MovieDetailOverviewViewController.swift */,
				AE7B175D2293865000DB6571 /* MovieDetailOverviewViewModel.swift */,
			);
			path = MovieDetailOverview;
			sourceTree = "<group>";
		};
		AE7B1754229293B000DB6571 /* MovieDetailReviews */ = {
			isa = PBXGroup;
			children = (
				AE7B175F22938D3100DB6571 /* Cells */,
				AE7B17572292964600DB6571 /* MovieDetailReviewsAssembler.swift */,
				AE7B1755229293C400DB6571 /* MovieDetailReviewsViewController.swift */,
				AE7B17592292A9F800DB6571 /* MovieDetailReviewsViewModel.swift */,
			);
			path = MovieDetailReviews;
			sourceTree = "<group>";
		};
		AE7B175F22938D3100DB6571 /* Cells */ = {
			isa = PBXGroup;
			children = (
				AE7B1747229255C900DB6571 /* ReviewTableViewCell.swift */,
				AE7B1748229255C900DB6571 /* ReviewTableViewCell.xib */,
				AE7B178F2293FC8B00DB6571 /* ReviewModel.swift */,
			);
			path = Cells;
			sourceTree = "<group>";
		};
		AE7B176222938FEE00DB6571 /* CastCrew */ = {
			isa = PBXGroup;
			children = (
				AE5E92CB2296384A00D4CBF0 /* Cells */,
				AE7B17652293903A00DB6571 /* CastCrewAssembler.swift */,
				AE5E92D222963B8900D4CBF0 /* CastCrewNavigator.swift */,
				AE5E92D422963BA300D4CBF0 /* CastCrewUseCase.swift */,
				AE7B17632293902C00DB6571 /* CastCrewViewController.swift */,
				AE5E92D022963B7100D4CBF0 /* CastCrewViewModel.swift */,
				AE5E92E1229659D300D4CBF0 /* CastCrewDetailModel.swift */,
			);
			path = CastCrew;
			sourceTree = "<group>";
		};
		AE7B17672293955500DB6571 /* MovieDetail */ = {
			isa = PBXGroup;
			children = (
				AE7B176A22939EF400DB6571 /* CastCrewCollectionViewCellTests.swift */,
				AE7B17762293A24E00DB6571 /* MovieDetailNavigatorMock.swift */,
				AE7B17782293A35D00DB6571 /* MovieDetailUseCaseMock.swift */,
				AE7B17682293959A00DB6571 /* MovieDetailViewControllerTests.swift */,
				AE7B17742293A1D400DB6571 /* MovieDetailViewModelTests.swift */,
			);
			path = MovieDetail;
			sourceTree = "<group>";
		};
		AE7B176C22939FA300DB6571 /* MovieDetailReviews */ = {
			isa = PBXGroup;
			children = (
				AE7B17722293A13000DB6571 /* ReviewTableViewCellTests.swift */,
				AE7B17702293A09300DB6571 /* MovieDetailReviewsViewControllerTests.swift */,
			);
			path = MovieDetailReviews;
			sourceTree = "<group>";
		};
		AE7B176D22939FAB00DB6571 /* MovieDetailOverview */ = {
			isa = PBXGroup;
			children = (
				AE7B176E22939FE000DB6571 /* MovieDetailOverviewViewControllerTests.swift */,
			);
			path = MovieDetailOverview;
			sourceTree = "<group>";
		};
		AE7B17842293D9B900DB6571 /* Model */ = {
			isa = PBXGroup;
			children = (
				AE7B17852293D9CE00DB6571 /* MovieDetailTests.swift */,
				AE7B17892293EB9000DB6571 /* CastCrewTests.swift */,
			);
			path = Model;
			sourceTree = "<group>";
		};
		AED6F8DD228A4C9B0069C42B = {
			isa = PBXGroup;
			children = (
				AED6F8E8228A4C9B0069C42B /* MovieDB */,
				AED6F900228A4C9D0069C42B /* MovieDBTests */,
				AED6F8E7228A4C9B0069C42B /* Products */,
				F2776CBC3282079986CC6F23 /* Pods */,
				C36164D784648CAF25D3B965 /* Frameworks */,
			);
			sourceTree = "<group>";
		};
		AED6F8E7228A4C9B0069C42B /* Products */ = {
			isa = PBXGroup;
			children = (
				AED6F8E6228A4C9B0069C42B /* MovieDB.app */,
				AED6F8FD228A4C9D0069C42B /* MovieDBTests.xctest */,
			);
			name = Products;
			sourceTree = "<group>";
		};
		AED6F8E8228A4C9B0069C42B /* MovieDB */ = {
			isa = PBXGroup;
			children = (
				AED6F90D228A53250069C42B /* Assembler */,
				AED6F90E228A533D0069C42B /* Supports */,
				AED6F90F228A53BD0069C42B /* Extensions */,
				AED6F912228A53D90069C42B /* Domain */,
				AED6F911228A53CD0069C42B /* Platform */,
				AED6F910228A53C40069C42B /* Application */,
				AED6F8E9228A4C9B0069C42B /* AppDelegate.swift */,
				AED6F8F3228A4C9D0069C42B /* Assets.xcassets */,
				AED6F8F5228A4C9D0069C42B /* LaunchScreen.storyboard */,
				AED6F8F8228A4C9D0069C42B /* Info.plist */,
				AED6F918228A57C90069C42B /* Bridging-Headers.h */,
			);
			path = MovieDB;
			sourceTree = "<group>";
		};
		AED6F900228A4C9D0069C42B /* MovieDBTests */ = {
			isa = PBXGroup;
			children = (
				AED6F91E228A5CFE0069C42B /* Domain */,
				AED6F91D228A5CF60069C42B /* Application */,
				AED6F903228A4C9D0069C42B /* Info.plist */,
				AE7B1728228D518000DB6571 /* TestError.swift */,
			);
			path = MovieDBTests;
			sourceTree = "<group>";
		};
		AED6F90D228A53250069C42B /* Assembler */ = {
			isa = PBXGroup;
			children = (
				AED6F92B228A60AB0069C42B /* Assembler.swift */,
			);
			path = Assembler;
			sourceTree = "<group>";
		};
		AED6F90E228A533D0069C42B /* Supports */ = {
			isa = PBXGroup;
			children = (
				AED6F969228BE8B50069C42B /* Constant.swift */,
				AE7B171E228D381800DB6571 /* DataSourceSection.swift */,
				AE7B1720228D454800DB6571 /* APIKey.swift */,
				AE7B172C228E4E1A00DB6571 /* CategoryType.swift */,
			);
			path = Supports;
			sourceTree = "<group>";
		};
		AED6F90F228A53BD0069C42B /* Extensions */ = {
			isa = PBXGroup;
			children = (
				AED6F937228A6B600069C42B /* UIViewController+.swift */,
				AED6F939228A6B6F0069C42B /* UIViewController+Rx.swift */,
				AE7B172E228E56DB00DB6571 /* TTSegmentedControl+Rx.swift */,
				AE7B1737228EAAC400DB6571 /* UICollectionView+Rx.swift */,
				AE7B17912293FE2100DB6571 /* UITableView+Rx.swift */,
				AED6F93F228A6BD40069C42B /* ViewModelType+.swift */,
				AED6F941228A6BEA0069C42B /* Optional+.swift */,
				AED6F943228A6BFA0069C42B /* Observable+.swift */,
				AED6F947228A971E0069C42B /* UIColor+.swift */,
				444AD098228BC43400771A43 /* Date+.swift */,
				AED6F976228BF3E30069C42B /* UIView+.swift */,
				AED6F97D228C09890069C42B /* UIFont+.swift */,
				AED6F97F228C0B160069C42B /* CGFloat+.swift */,
			);
			path = Extensions;
			sourceTree = "<group>";
		};
		AED6F910228A53C40069C42B /* Application */ = {
			isa = PBXGroup;
			children = (
				AED6F914228A54650069C42B /* App */,
				AED6F913228A545E0069C42B /* Scenes */,
			);
			path = Application;
			sourceTree = "<group>";
		};
		AED6F911228A53CD0069C42B /* Platform */ = {
			isa = PBXGroup;
			children = (
				444AD0AD228BEFB900771A43 /* Repositories */,
				AED6F916228A54940069C42B /* CoreData */,
				444AD073228AB33700771A43 /* Services */,
			);
			path = Platform;
			sourceTree = "<group>";
		};
		AED6F912228A53D90069C42B /* Domain */ = {
			isa = PBXGroup;
			children = (
				444AD070228AA4C900771A43 /* Models */,
			);
			path = Domain;
			sourceTree = "<group>";
		};
		AED6F913228A545E0069C42B /* Scenes */ = {
			isa = PBXGroup;
			children = (
				AED6F945228A6E2F0069C42B /* UnitTestViewController.swift */,
				AE7B1739228EAC2E00DB6571 /* Common */,
				AED6F955228AC3AE0069C42B /* Main */,
				AED6F917228A54E50069C42B /* Movies */,
				AED6F94B228AAC550069C42B /* Categories */,
				AED6F94C228AAC690069C42B /* Favorites */,
				AE7B1732228E843B00DB6571 /* MovieDetail */,
				AE7B175322928E8500DB6571 /* MovieDetailOverview */,
				AE7B1754229293B000DB6571 /* MovieDetailReviews */,
				AE5E92C122952F5A00D4CBF0 /* Video */,
				AE7B176222938FEE00DB6571 /* CastCrew */,
				AED6F915228A547C0069C42B /* Storyboards */,
			);
			path = Scenes;
			sourceTree = "<group>";
		};
		AED6F914228A54650069C42B /* App */ = {
			isa = PBXGroup;
			children = (
				AED6F929228A601A0069C42B /* AppAssembler.swift */,
				AED6F927228A60070069C42B /* AppNavigator.swift */,
				AED6F925228A5FF50069C42B /* AppUseCase.swift */,
				AED6F91B228A5AA90069C42B /* AppViewModel.swift */,
			);
			path = App;
			sourceTree = "<group>";
		};
		AED6F915228A547C0069C42B /* Storyboards */ = {
			isa = PBXGroup;
			children = (
				44870E3A2293B54E00CF5A70 /* SearchMovies.storyboard */,
				AED6F8ED228A4C9B0069C42B /* Main.storyboard */,
				AE7B1730228E83EA00DB6571 /* MovieDetail.storyboard */,
				AE7B176022938FA100DB6571 /* CastCrew.storyboard */,
				AED6F935228A669F0069C42B /* Storyboards.swift */,
			);
			path = Storyboards;
			sourceTree = "<group>";
		};
		AED6F916228A54940069C42B /* CoreData */ = {
			isa = PBXGroup;
			children = (
				AED6F8F0228A4C9B0069C42B /* MovieDB.xcdatamodeld */,
			);
			path = CoreData;
			sourceTree = "<group>";
		};
		AED6F917228A54E50069C42B /* Movies */ = {
			isa = PBXGroup;
			children = (
				44870E262293B21A00CF5A70 /* Search */,
				AED6F92F228A65EC0069C42B /* MoviesAssembler.swift */,
				AED6F8EB228A4C9B0069C42B /* MoviesViewController.swift */,
				444AD09E228BEAA100771A43 /* MoviesViewModel.swift */,
				444AD09A228BE4C400771A43 /* MoviesCollectionViewCell.swift */,
				444AD09B228BE4C400771A43 /* MoviesCollectionViewCell.xib */,
				444AD0A9228BED0000771A43 /* MoviesNavigator.swift */,
				444AD0AB228BEEE900771A43 /* MoviesUseCase.swift */,
				44870E09228E58B500CF5A70 /* MovieViewModel.swift */,
			);
			path = Movies;
			sourceTree = "<group>";
		};
		AED6F91D228A5CF60069C42B /* Application */ = {
			isa = PBXGroup;
			children = (
				AED6F920228A5D0B0069C42B /* App */,
				AED6F91F228A5D050069C42B /* Scenes */,
			);
			path = Application;
			sourceTree = "<group>";
		};
		AED6F91E228A5CFE0069C42B /* Domain */ = {
			isa = PBXGroup;
			children = (
				AE7B17842293D9B900DB6571 /* Model */,
			);
			path = Domain;
			sourceTree = "<group>";
		};
		AED6F91F228A5D050069C42B /* Scenes */ = {
			isa = PBXGroup;
			children = (
				AED6F978228BFE460069C42B /* Categories */,
				AE7B17672293955500DB6571 /* MovieDetail */,
				AE7B176D22939FAB00DB6571 /* MovieDetailOverview */,
				AE7B176C22939FA300DB6571 /* MovieDetailReviews */,
				AE5E92C82295408300D4CBF0 /* Video */,
				AE5E92D62296428200D4CBF0 /* CastCrew */,
			);
			path = Scenes;
			sourceTree = "<group>";
		};
		AED6F920228A5D0B0069C42B /* App */ = {
			isa = PBXGroup;
			children = (
				AED6F921228A5D250069C42B /* AppNavigatorMock.swift */,
				AED6F923228A5D540069C42B /* AppUseCaseMock.swift */,
				AED6F919228A5A420069C42B /* AppViewModelTests.swift */,
			);
			path = App;
			sourceTree = "<group>";
		};
		AED6F94B228AAC550069C42B /* Categories */ = {
			isa = PBXGroup;
			children = (
				AED6F96B228BEAFD0069C42B /* Cells */,
				AED6F951228ABE640069C42B /* CategoriesAssembler.swift */,
				AED6F96C228BEB130069C42B /* CategoriesNavigator.swift */,
				AED6F96E228BEB1F0069C42B /* CategoriesUseCase.swift */,
				AED6F94D228AACDB0069C42B /* CategoriesViewController.swift */,
				AED6F970228BEB2E0069C42B /* CategoriesViewModel.swift */,
				AE7B172A228D5AD900DB6571 /* CategoriesMovieModel.swift */,
			);
			path = Categories;
			sourceTree = "<group>";
		};
		AED6F94C228AAC690069C42B /* Favorites */ = {
			isa = PBXGroup;
			children = (
				AED6F953228ABE790069C42B /* FavoritesAssembler.swift */,
				AED6F94F228AAD150069C42B /* FavoritesViewController.swift */,
			);
			path = Favorites;
			sourceTree = "<group>";
		};
		AED6F955228AC3AE0069C42B /* Main */ = {
			isa = PBXGroup;
			children = (
				AED6F958228AC4000069C42B /* MainAssembler.swift */,
				AED6F956228AC3C10069C42B /* MainViewController.swift */,
			);
			path = Main;
			sourceTree = "<group>";
		};
		AED6F96B228BEAFD0069C42B /* Cells */ = {
			isa = PBXGroup;
			children = (
				AED6F972228BEE040069C42B /* CategoriesMovieCollectionViewCell.swift */,
				AED6F973228BEE040069C42B /* CategoriesMovieCollectionViewCell.xib */,
			);
			path = Cells;
			sourceTree = "<group>";
		};
		AED6F978228BFE460069C42B /* Categories */ = {
			isa = PBXGroup;
			children = (
				AED6F97B228C00AE0069C42B /* CategoriesMovieCollectionViewCellTests.swift */,
				AE7B1724228D497E00DB6571 /* CategoriesNavigatorMock.swift */,
				AE7B1726228D4A0000DB6571 /* CategoriesUseCaseMock.swift */,
				AED6F979228BFE6B0069C42B /* CategoriesViewControllerTests.swift */,
				AE7B1722228D48F300DB6571 /* CategoriesViewModelTests.swift */,
			);
			path = Categories;
			sourceTree = "<group>";
		};
		C36164D784648CAF25D3B965 /* Frameworks */ = {
			isa = PBXGroup;
			children = (
				E95921B81FBE3D5FEF92C39E /* Pods_MovieDB.framework */,
				F14740E5550335CB5D7ED357 /* Pods_MovieDBTests.framework */,
			);
			name = Frameworks;
			sourceTree = "<group>";
		};
		F2776CBC3282079986CC6F23 /* Pods */ = {
			isa = PBXGroup;
			children = (
				9653E01BE04AAC3F79580FB9 /* Pods-MovieDB.debug.xcconfig */,
				D86742B355B0DA96D3459E31 /* Pods-MovieDB.release.xcconfig */,
				451583171B428351B576611A /* Pods-MovieDBTests.debug.xcconfig */,
				218AE6FDABD8B6A93243261D /* Pods-MovieDBTests.release.xcconfig */,
			);
			path = Pods;
			sourceTree = "<group>";
		};
/* End PBXGroup section */

/* Begin PBXNativeTarget section */
		AED6F8E5228A4C9B0069C42B /* MovieDB */ = {
			isa = PBXNativeTarget;
			buildConfigurationList = AED6F906228A4C9D0069C42B /* Build configuration list for PBXNativeTarget "MovieDB" */;
			buildPhases = (
				2465ADDF8C93CF286E607697 /* [CP] Check Pods Manifest.lock */,
				AED6F8E2228A4C9B0069C42B /* Sources */,
				AED6F8E3228A4C9B0069C42B /* Frameworks */,
				AED6F8E4228A4C9B0069C42B /* Resources */,
				9803B3CF20507ADBD602FAC0 /* [CP] Embed Pods Frameworks */,
				AED6F90C228A51FE0069C42B /* ShellScript */,
			);
			buildRules = (
			);
			dependencies = (
			);
			name = MovieDB;
			productName = MovieDB;
			productReference = AED6F8E6228A4C9B0069C42B /* MovieDB.app */;
			productType = "com.apple.product-type.application";
		};
		AED6F8FC228A4C9D0069C42B /* MovieDBTests */ = {
			isa = PBXNativeTarget;
			buildConfigurationList = AED6F909228A4C9D0069C42B /* Build configuration list for PBXNativeTarget "MovieDBTests" */;
			buildPhases = (
				0F64EFF1834A094D77108C12 /* [CP] Check Pods Manifest.lock */,
				AED6F8F9228A4C9D0069C42B /* Sources */,
				AED6F8FA228A4C9D0069C42B /* Frameworks */,
				AED6F8FB228A4C9D0069C42B /* Resources */,
				461011A194C7CCFBFC956DDD /* [CP] Embed Pods Frameworks */,
			);
			buildRules = (
			);
			dependencies = (
				AED6F8FF228A4C9D0069C42B /* PBXTargetDependency */,
			);
			name = MovieDBTests;
			productName = MovieDBTests;
			productReference = AED6F8FD228A4C9D0069C42B /* MovieDBTests.xctest */;
			productType = "com.apple.product-type.bundle.unit-test";
		};
/* End PBXNativeTarget section */

/* Begin PBXProject section */
		AED6F8DE228A4C9B0069C42B /* Project object */ = {
			isa = PBXProject;
			attributes = {
				LastSwiftUpdateCheck = 1020;
				LastUpgradeCheck = 1020;
				ORGANIZATIONNAME = tranductanb;
				TargetAttributes = {
					AED6F8E5228A4C9B0069C42B = {
						CreatedOnToolsVersion = 10.2.1;
					};
					AED6F8FC228A4C9D0069C42B = {
						CreatedOnToolsVersion = 10.2.1;
						TestTargetID = AED6F8E5228A4C9B0069C42B;
					};
				};
			};
			buildConfigurationList = AED6F8E1228A4C9B0069C42B /* Build configuration list for PBXProject "MovieDB" */;
			compatibilityVersion = "Xcode 9.3";
			developmentRegion = en;
			hasScannedForEncodings = 0;
			knownRegions = (
				en,
				Base,
			);
			mainGroup = AED6F8DD228A4C9B0069C42B;
			productRefGroup = AED6F8E7228A4C9B0069C42B /* Products */;
			projectDirPath = "";
			projectRoot = "";
			targets = (
				AED6F8E5228A4C9B0069C42B /* MovieDB */,
				AED6F8FC228A4C9D0069C42B /* MovieDBTests */,
			);
		};
/* End PBXProject section */

/* Begin PBXResourcesBuildPhase section */
		AED6F8E4228A4C9B0069C42B /* Resources */ = {
			isa = PBXResourcesBuildPhase;
			buildActionMask = 2147483647;
			files = (
				AE7B174A229255C900DB6571 /* ReviewTableViewCell.xib in Resources */,
				AE7B173D228EAC8F00DB6571 /* EmptyDataView.xib in Resources */,
				AED6F8F7228A4C9D0069C42B /* LaunchScreen.storyboard in Resources */,
				44870E3B2293B54E00CF5A70 /* SearchMovies.storyboard in Resources */,
				AE7B1744229253D100DB6571 /* CastCrewCollectionViewCell.xib in Resources */,
				AED6F8F4228A4C9D0069C42B /* Assets.xcassets in Resources */,
				44870E352293B2E600CF5A70 /* SearchTableViewCell.xib in Resources */,
				AED6F8EF228A4C9B0069C42B /* Main.storyboard in Resources */,
				AE5E92CF229638B100D4CBF0 /* CreditCollectionViewCell.xib in Resources */,
				AE7B176122938FA100DB6571 /* CastCrew.storyboard in Resources */,
				AED6F975228BEE040069C42B /* CategoriesMovieCollectionViewCell.xib in Resources */,
				444AD09D228BE4C400771A43 /* MoviesCollectionViewCell.xib in Resources */,
				AE7B1731228E83EA00DB6571 /* MovieDetail.storyboard in Resources */,
			);
			runOnlyForDeploymentPostprocessing = 0;
		};
		AED6F8FB228A4C9D0069C42B /* Resources */ = {
			isa = PBXResourcesBuildPhase;
			buildActionMask = 2147483647;
			files = (
			);
			runOnlyForDeploymentPostprocessing = 0;
		};
/* End PBXResourcesBuildPhase section */

/* Begin PBXShellScriptBuildPhase section */
		0F64EFF1834A094D77108C12 /* [CP] Check Pods Manifest.lock */ = {
			isa = PBXShellScriptBuildPhase;
			buildActionMask = 2147483647;
			files = (
			);
			inputFileListPaths = (
			);
			inputPaths = (
				"${PODS_PODFILE_DIR_PATH}/Podfile.lock",
				"${PODS_ROOT}/Manifest.lock",
			);
			name = "[CP] Check Pods Manifest.lock";
			outputFileListPaths = (
			);
			outputPaths = (
				"$(DERIVED_FILE_DIR)/Pods-MovieDBTests-checkManifestLockResult.txt",
			);
			runOnlyForDeploymentPostprocessing = 0;
			shellPath = /bin/sh;
			shellScript = "diff \"${PODS_PODFILE_DIR_PATH}/Podfile.lock\" \"${PODS_ROOT}/Manifest.lock\" > /dev/null\nif [ $? != 0 ] ; then\n    # print error to STDERR\n    echo \"error: The sandbox is not in sync with the Podfile.lock. Run 'pod install' or update your CocoaPods installation.\" >&2\n    exit 1\nfi\n# This output is used by Xcode 'outputs' to avoid re-running this script phase.\necho \"SUCCESS\" > \"${SCRIPT_OUTPUT_FILE_0}\"\n";
			showEnvVarsInLog = 0;
		};
		2465ADDF8C93CF286E607697 /* [CP] Check Pods Manifest.lock */ = {
			isa = PBXShellScriptBuildPhase;
			buildActionMask = 2147483647;
			files = (
			);
			inputFileListPaths = (
			);
			inputPaths = (
				"${PODS_PODFILE_DIR_PATH}/Podfile.lock",
				"${PODS_ROOT}/Manifest.lock",
			);
			name = "[CP] Check Pods Manifest.lock";
			outputFileListPaths = (
			);
			outputPaths = (
				"$(DERIVED_FILE_DIR)/Pods-MovieDB-checkManifestLockResult.txt",
			);
			runOnlyForDeploymentPostprocessing = 0;
			shellPath = /bin/sh;
			shellScript = "diff \"${PODS_PODFILE_DIR_PATH}/Podfile.lock\" \"${PODS_ROOT}/Manifest.lock\" > /dev/null\nif [ $? != 0 ] ; then\n    # print error to STDERR\n    echo \"error: The sandbox is not in sync with the Podfile.lock. Run 'pod install' or update your CocoaPods installation.\" >&2\n    exit 1\nfi\n# This output is used by Xcode 'outputs' to avoid re-running this script phase.\necho \"SUCCESS\" > \"${SCRIPT_OUTPUT_FILE_0}\"\n";
			showEnvVarsInLog = 0;
		};
		461011A194C7CCFBFC956DDD /* [CP] Embed Pods Frameworks */ = {
			isa = PBXShellScriptBuildPhase;
			buildActionMask = 2147483647;
			files = (
			);
			inputFileListPaths = (
			);
			inputPaths = (
				"${PODS_ROOT}/Target Support Files/Pods-MovieDBTests/Pods-MovieDBTests-frameworks.sh",
				"${BUILT_PRODUCTS_DIR}/RxSwift/RxSwift.framework",
				"${BUILT_PRODUCTS_DIR}/RxBlocking/RxBlocking.framework",
				"${BUILT_PRODUCTS_DIR}/RxTest/RxTest.framework",
			);
			name = "[CP] Embed Pods Frameworks";
			outputFileListPaths = (
			);
			outputPaths = (
				"${TARGET_BUILD_DIR}/${FRAMEWORKS_FOLDER_PATH}/RxSwift.framework",
				"${TARGET_BUILD_DIR}/${FRAMEWORKS_FOLDER_PATH}/RxBlocking.framework",
				"${TARGET_BUILD_DIR}/${FRAMEWORKS_FOLDER_PATH}/RxTest.framework",
			);
			runOnlyForDeploymentPostprocessing = 0;
			shellPath = /bin/sh;
			shellScript = "\"${PODS_ROOT}/Target Support Files/Pods-MovieDBTests/Pods-MovieDBTests-frameworks.sh\"\n";
			showEnvVarsInLog = 0;
		};
		9803B3CF20507ADBD602FAC0 /* [CP] Embed Pods Frameworks */ = {
			isa = PBXShellScriptBuildPhase;
			buildActionMask = 2147483647;
			files = (
			);
			inputFileListPaths = (
			);
			inputPaths = (
				"${PODS_ROOT}/Target Support Files/Pods-MovieDB/Pods-MovieDB-frameworks.sh",
				"${BUILT_PRODUCTS_DIR}/Alamofire/Alamofire.framework",
				"${BUILT_PRODUCTS_DIR}/Cosmos/Cosmos.framework",
				"${BUILT_PRODUCTS_DIR}/Differentiator/Differentiator.framework",
				"${BUILT_PRODUCTS_DIR}/MBProgressHUD/MBProgressHUD.framework",
				"${BUILT_PRODUCTS_DIR}/MGAPIService/MGAPIService.framework",
				"${BUILT_PRODUCTS_DIR}/MGArchitecture/MGArchitecture.framework",
				"${BUILT_PRODUCTS_DIR}/MGLoadMore/MGLoadMore.framework",
				"${BUILT_PRODUCTS_DIR}/MJRefresh/MJRefresh.framework",
				"${BUILT_PRODUCTS_DIR}/MagicalRecord/MagicalRecord.framework",
				"${BUILT_PRODUCTS_DIR}/NSObject+Rx/NSObject_Rx.framework",
				"${BUILT_PRODUCTS_DIR}/ObjectMapper/ObjectMapper.framework",
				"${BUILT_PRODUCTS_DIR}/RAMAnimatedTabBarController/RAMAnimatedTabBarController.framework",
				"${BUILT_PRODUCTS_DIR}/Reusable/Reusable.framework",
				"${BUILT_PRODUCTS_DIR}/RxAlamofire/RxAlamofire.framework",
				"${BUILT_PRODUCTS_DIR}/RxAtomic/RxAtomic.framework",
				"${BUILT_PRODUCTS_DIR}/RxCocoa/RxCocoa.framework",
				"${BUILT_PRODUCTS_DIR}/RxDataSources/RxDataSources.framework",
				"${BUILT_PRODUCTS_DIR}/RxGesture/RxGesture.framework",
				"${BUILT_PRODUCTS_DIR}/RxSwift/RxSwift.framework",
				"${BUILT_PRODUCTS_DIR}/SDWebImage/SDWebImage.framework",
				"${BUILT_PRODUCTS_DIR}/TTSegmentedControl/TTSegmentedControl.framework",
				"${BUILT_PRODUCTS_DIR}/Then/Then.framework",
				"${BUILT_PRODUCTS_DIR}/YoutubePlayer-in-WKWebView/YoutubePlayer_in_WKWebView.framework",
			);
			name = "[CP] Embed Pods Frameworks";
			outputFileListPaths = (
			);
			outputPaths = (
				"${TARGET_BUILD_DIR}/${FRAMEWORKS_FOLDER_PATH}/Alamofire.framework",
				"${TARGET_BUILD_DIR}/${FRAMEWORKS_FOLDER_PATH}/Cosmos.framework",
				"${TARGET_BUILD_DIR}/${FRAMEWORKS_FOLDER_PATH}/Differentiator.framework",
				"${TARGET_BUILD_DIR}/${FRAMEWORKS_FOLDER_PATH}/MBProgressHUD.framework",
				"${TARGET_BUILD_DIR}/${FRAMEWORKS_FOLDER_PATH}/MGAPIService.framework",
				"${TARGET_BUILD_DIR}/${FRAMEWORKS_FOLDER_PATH}/MGArchitecture.framework",
				"${TARGET_BUILD_DIR}/${FRAMEWORKS_FOLDER_PATH}/MGLoadMore.framework",
				"${TARGET_BUILD_DIR}/${FRAMEWORKS_FOLDER_PATH}/MJRefresh.framework",
				"${TARGET_BUILD_DIR}/${FRAMEWORKS_FOLDER_PATH}/MagicalRecord.framework",
				"${TARGET_BUILD_DIR}/${FRAMEWORKS_FOLDER_PATH}/NSObject_Rx.framework",
				"${TARGET_BUILD_DIR}/${FRAMEWORKS_FOLDER_PATH}/ObjectMapper.framework",
				"${TARGET_BUILD_DIR}/${FRAMEWORKS_FOLDER_PATH}/RAMAnimatedTabBarController.framework",
				"${TARGET_BUILD_DIR}/${FRAMEWORKS_FOLDER_PATH}/Reusable.framework",
				"${TARGET_BUILD_DIR}/${FRAMEWORKS_FOLDER_PATH}/RxAlamofire.framework",
				"${TARGET_BUILD_DIR}/${FRAMEWORKS_FOLDER_PATH}/RxAtomic.framework",
				"${TARGET_BUILD_DIR}/${FRAMEWORKS_FOLDER_PATH}/RxCocoa.framework",
				"${TARGET_BUILD_DIR}/${FRAMEWORKS_FOLDER_PATH}/RxDataSources.framework",
				"${TARGET_BUILD_DIR}/${FRAMEWORKS_FOLDER_PATH}/RxGesture.framework",
				"${TARGET_BUILD_DIR}/${FRAMEWORKS_FOLDER_PATH}/RxSwift.framework",
				"${TARGET_BUILD_DIR}/${FRAMEWORKS_FOLDER_PATH}/SDWebImage.framework",
				"${TARGET_BUILD_DIR}/${FRAMEWORKS_FOLDER_PATH}/TTSegmentedControl.framework",
				"${TARGET_BUILD_DIR}/${FRAMEWORKS_FOLDER_PATH}/Then.framework",
				"${TARGET_BUILD_DIR}/${FRAMEWORKS_FOLDER_PATH}/YoutubePlayer_in_WKWebView.framework",
			);
			runOnlyForDeploymentPostprocessing = 0;
			shellPath = /bin/sh;
			shellScript = "\"${PODS_ROOT}/Target Support Files/Pods-MovieDB/Pods-MovieDB-frameworks.sh\"\n";
			showEnvVarsInLog = 0;
		};
		AED6F90C228A51FE0069C42B /* ShellScript */ = {
			isa = PBXShellScriptBuildPhase;
			buildActionMask = 2147483647;
			files = (
			);
			inputFileListPaths = (
			);
			inputPaths = (
			);
			outputFileListPaths = (
			);
			outputPaths = (
			);
			runOnlyForDeploymentPostprocessing = 0;
			shellPath = /bin/sh;
			shellScript = "if which swiftlint >/dev/null; then\n    swiftlint\nelse\n    echo \"warning: SwiftLint not installed, download from https://github.com/realm/SwiftLint\"\nfi\n";
		};
/* End PBXShellScriptBuildPhase section */

/* Begin PBXSourcesBuildPhase section */
		AED6F8E2228A4C9B0069C42B /* Sources */ = {
			isa = PBXSourcesBuildPhase;
			buildActionMask = 2147483647;
			files = (
				AE7B175A2292A9F800DB6571 /* MovieDetailReviewsViewModel.swift in Sources */,
				AE5E92D322963B8900D4CBF0 /* CastCrewNavigator.swift in Sources */,
				AE5E92E2229659D300D4CBF0 /* CastCrewDetailModel.swift in Sources */,
				AE7B17882293EA4900DB6571 /* CastCrew.swift in Sources */,
				AE5E92E422965C7F00D4CBF0 /* CreditModel.swift in Sources */,
				AE7B171B228D13F400DB6571 /* MovieRepository.swift in Sources */,
				AED6F959228AC4000069C42B /* MainAssembler.swift in Sources */,
				AED6F936228A669F0069C42B /* Storyboards.swift in Sources */,
				AE7B1721228D454800DB6571 /* APIKey.swift in Sources */,
				AED6F97E228C09890069C42B /* UIFont+.swift in Sources */,
				44870E0A228E58B500CF5A70 /* MovieViewModel.swift in Sources */,
				AED6F96D228BEB130069C42B /* CategoriesNavigator.swift in Sources */,
				AE7B17662293903A00DB6571 /* CastCrewAssembler.swift in Sources */,
				AE7B1736228E859400DB6571 /* MovieDetailAssembler.swift in Sources */,
				AE7B1756229293C400DB6571 /* MovieDetailReviewsViewController.swift in Sources */,
				AE7B174E2292890500DB6571 /* MovieDetailUseCase.swift in Sources */,
				AE7B172F228E56DB00DB6571 /* TTSegmentedControl+Rx.swift in Sources */,
				AED6F957228AC3C10069C42B /* MainViewController.swift in Sources */,
				AED6F8EC228A4C9B0069C42B /* MoviesViewController.swift in Sources */,
				AE5E92DE22964D1A00D4CBF0 /* API+CastCrewDetail.swift in Sources */,
				444AD09F228BEAA100771A43 /* MoviesViewModel.swift in Sources */,
				AE7B172D228E4E1A00DB6571 /* CategoryType.swift in Sources */,
				AED6F94E228AACDB0069C42B /* CategoriesViewController.swift in Sources */,
				AED6F8F2228A4C9B0069C42B /* MovieDB.xcdatamodeld in Sources */,
				AE5E92D522963BA300D4CBF0 /* CastCrewUseCase.swift in Sources */,
				AE5E92DC22964B7000D4CBF0 /* CastCrewDetail.swift in Sources */,
				AE7B177D2293B09A00DB6571 /* Video.swift in Sources */,
				AED6F952228ABE640069C42B /* CategoriesAssembler.swift in Sources */,
				AED6F944228A6BFA0069C42B /* Observable+.swift in Sources */,
				AED6F926228A5FF50069C42B /* AppUseCase.swift in Sources */,
				AED6F92A228A601A0069C42B /* AppAssembler.swift in Sources */,
				AED6F946228A6E2F0069C42B /* UnitTestViewController.swift in Sources */,
				444AD082228AB71800771A43 /* APIOutput.swift in Sources */,
				AED6F96A228BE8B50069C42B /* Constant.swift in Sources */,
				AED6F92C228A60AB0069C42B /* Assembler.swift in Sources */,
				44870E302293B2AF00CF5A70 /* SearchAssembler.swift in Sources */,
				AED6F948228A971E0069C42B /* UIColor+.swift in Sources */,
				AE7B1734228E84E800DB6571 /* MovieDetailViewController.swift in Sources */,
				AED6F974228BEE040069C42B /* CategoriesMovieCollectionViewCell.swift in Sources */,
				AED6F950228AAD150069C42B /* FavoritesViewController.swift in Sources */,
				AE7B178E2293F8CB00DB6571 /* Review.swift in Sources */,
				AED6F91C228A5AA90069C42B /* AppViewModel.swift in Sources */,
				AE5E92E022964E9E00D4CBF0 /* CastCrewDetailRepository.swift in Sources */,
				AED6F8EA228A4C9B0069C42B /* AppDelegate.swift in Sources */,
				44870E372293B35C00CF5A70 /* API+Search.swift in Sources */,
				AE7B17832293C9F500DB6571 /* MovieDetailModel.swift in Sources */,
				AED6F938228A6B600069C42B /* UIViewController+.swift in Sources */,
				44870E342293B2E600CF5A70 /* SearchTableViewCell.swift in Sources */,
				AE7B1719228D0E6D00DB6571 /* API+Movie.swift in Sources */,
				AE7B17922293FE2100DB6571 /* UITableView+Rx.swift in Sources */,
				444AD09C228BE4C400771A43 /* MoviesCollectionViewCell.swift in Sources */,
				444AD080228AB6EC00771A43 /* APIInput.swift in Sources */,
				AE7B17902293FC8B00DB6571 /* ReviewModel.swift in Sources */,
				444AD0AA228BED0000771A43 /* MoviesNavigator.swift in Sources */,
				AED6F928228A60070069C42B /* AppNavigator.swift in Sources */,
				AE5E92D122963B7100D4CBF0 /* CastCrewViewModel.swift in Sources */,
				AE7B177B2293ACFB00DB6571 /* MovieDetail.swift in Sources */,
				444AD099228BC43400771A43 /* Date+.swift in Sources */,
				AE7B1738228EAAC400DB6571 /* UICollectionView+Rx.swift in Sources */,
				AE7B1749229255C900DB6571 /* ReviewTableViewCell.swift in Sources */,
				AE5E92C5229530C800D4CBF0 /* VideoAssembler.swift in Sources */,
				444AD07C228AB50100771A43 /* APIError.swift in Sources */,
				444AD097228BBBA400771A43 /* Movie.swift in Sources */,
				AE7B171F228D381800DB6571 /* DataSourceSection.swift in Sources */,
				AE7B178C2293F12D00DB6571 /* CastCrewModel.swift in Sources */,
				AE7B172B228D5AD900DB6571 /* CategoriesMovieModel.swift in Sources */,
				AE7B173B228EAC6400DB6571 /* EmptyDataView.swift in Sources */,
				AED6F942228A6BEA0069C42B /* Optional+.swift in Sources */,
				AE7B177F2293B3EE00DB6571 /* API+MovieDetail.swift in Sources */,
				444AD0B3228BFBC900771A43 /* RepositoriesAssembler.swift in Sources */,
				AE7B175C2293863900DB6571 /* MovieDetailOverviewAssembler.swift in Sources */,
				44870E2D2293B2AF00CF5A70 /* SearchViewController.swift in Sources */,
				AE7B175E2293865000DB6571 /* MovieDetailOverviewViewModel.swift in Sources */,
				AE7B1743229253D100DB6571 /* CastCrewCollectionViewCell.swift in Sources */,
				44870E2F2293B2AF00CF5A70 /* SearchUseCase.swift in Sources */,
				AED6F954228ABE790069C42B /* FavoritesAssembler.swift in Sources */,
				444AD078228AB46500771A43 /* APIUrls.swift in Sources */,
				AE5E92C322952F7C00D4CBF0 /* VideoViewController.swift in Sources */,
				AE7B17812293B5E500DB6571 /* MovieDetailRepository.swift in Sources */,
				AE5E92CE229638B100D4CBF0 /* CreditCollectionViewCell.swift in Sources */,
				AED6F980228C0B160069C42B /* CGFloat+.swift in Sources */,
				AE7B17582292964600DB6571 /* MovieDetailReviewsAssembler.swift in Sources */,
				AE7B175222928E6E00DB6571 /* MovieDetailOverviewViewController.swift in Sources */,
				44870E2E2293B2AF00CF5A70 /* SearchNavigator.swift in Sources */,
				444AD07A228AB4B900771A43 /* APISevice.swift in Sources */,
				AED6F93A228A6B6F0069C42B /* UIViewController+Rx.swift in Sources */,
				AED6F977228BF3E30069C42B /* UIView+.swift in Sources */,
				44870E2C2293B2AF00CF5A70 /* SearchViewModel.swift in Sources */,
				AED6F96F228BEB1F0069C42B /* CategoriesUseCase.swift in Sources */,
				AED6F940228A6BD40069C42B /* ViewModelType+.swift in Sources */,
				AED6F971228BEB2E0069C42B /* CategoriesViewModel.swift in Sources */,
				AE7B17642293902C00DB6571 /* CastCrewViewController.swift in Sources */,
				AE7B17502292892400DB6571 /* MovieDetailViewModel.swift in Sources */,
				444AD0AC228BEEE900771A43 /* MoviesUseCase.swift in Sources */,
				AED6F930228A65EC0069C42B /* MoviesAssembler.swift in Sources */,
				AE7B174C229288EC00DB6571 /* MovieDetailNavigator.swift in Sources */,
				AE5E92C72295341B00D4CBF0 /* VideoViewModel.swift in Sources */,
				44870E392293B37F00CF5A70 /* SearchRepository.swift in Sources */,
			);
			runOnlyForDeploymentPostprocessing = 0;
		};
		AED6F8F9228A4C9D0069C42B /* Sources */ = {
			isa = PBXSourcesBuildPhase;
			buildActionMask = 2147483647;
			files = (
				AE5E92E6229674D100D4CBF0 /* CastCrewViewModelTests.swift in Sources */,
				AE7B17712293A09300DB6571 /* MovieDetailReviewsViewControllerTests.swift in Sources */,
				AE7B17792293A35D00DB6571 /* MovieDetailUseCaseMock.swift in Sources */,
				AE5E92D8229642A500D4CBF0 /* CastCrewViewControllerTests.swift in Sources */,
				AE7B17772293A24E00DB6571 /* MovieDetailNavigatorMock.swift in Sources */,
				AE7B17692293959A00DB6571 /* MovieDetailViewControllerTests.swift in Sources */,
				AE7B176B22939EF400DB6571 /* CastCrewCollectionViewCellTests.swift in Sources */,
				AE7B1723228D48F300DB6571 /* CategoriesViewModelTests.swift in Sources */,
				AED6F924228A5D540069C42B /* AppUseCaseMock.swift in Sources */,
				AED6F91A228A5A420069C42B /* AppViewModelTests.swift in Sources */,
				AE7B1729228D518000DB6571 /* TestError.swift in Sources */,
				AE7B1725228D497E00DB6571 /* CategoriesNavigatorMock.swift in Sources */,
				AE5E92CA2295409A00D4CBF0 /* VideoViewControllerTests.swift in Sources */,
				AE7B178A2293EB9000DB6571 /* CastCrewTests.swift in Sources */,
				AED6F97A228BFE6B0069C42B /* CategoriesViewControllerTests.swift in Sources */,
				AE5E92EA229676B400D4CBF0 /* CastCrewUseCaseMock.swift in Sources */,
				AE5E92E82296752700D4CBF0 /* CastCrewNavigatorMock.swift in Sources */,
				AE7B17862293D9CE00DB6571 /* MovieDetailTests.swift in Sources */,
				AE7B17752293A1D400DB6571 /* MovieDetailViewModelTests.swift in Sources */,
				AED6F922228A5D250069C42B /* AppNavigatorMock.swift in Sources */,
				AED6F97C228C00AE0069C42B /* CategoriesMovieCollectionViewCellTests.swift in Sources */,
				AE7B1727228D4A0000DB6571 /* CategoriesUseCaseMock.swift in Sources */,
				AE5E92DA2296435B00D4CBF0 /* CreditCollectionViewCellTests.swift in Sources */,
				AE7B176F22939FE000DB6571 /* MovieDetailOverviewViewControllerTests.swift in Sources */,
				AE7B17732293A13000DB6571 /* ReviewTableViewCellTests.swift in Sources */,
			);
			runOnlyForDeploymentPostprocessing = 0;
		};
/* End PBXSourcesBuildPhase section */

/* Begin PBXTargetDependency section */
		AED6F8FF228A4C9D0069C42B /* PBXTargetDependency */ = {
			isa = PBXTargetDependency;
			target = AED6F8E5228A4C9B0069C42B /* MovieDB */;
			targetProxy = AED6F8FE228A4C9D0069C42B /* PBXContainerItemProxy */;
		};
/* End PBXTargetDependency section */

/* Begin PBXVariantGroup section */
		AED6F8ED228A4C9B0069C42B /* Main.storyboard */ = {
			isa = PBXVariantGroup;
			children = (
				AED6F8EE228A4C9B0069C42B /* Base */,
			);
			name = Main.storyboard;
			sourceTree = "<group>";
		};
		AED6F8F5228A4C9D0069C42B /* LaunchScreen.storyboard */ = {
			isa = PBXVariantGroup;
			children = (
				AED6F8F6228A4C9D0069C42B /* Base */,
			);
			name = LaunchScreen.storyboard;
			sourceTree = "<group>";
		};
/* End PBXVariantGroup section */

/* Begin XCBuildConfiguration section */
		AED6F904228A4C9D0069C42B /* Debug */ = {
			isa = XCBuildConfiguration;
			buildSettings = {
				ALWAYS_SEARCH_USER_PATHS = NO;
				CLANG_ANALYZER_NONNULL = YES;
				CLANG_ANALYZER_NUMBER_OBJECT_CONVERSION = YES_AGGRESSIVE;
				CLANG_CXX_LANGUAGE_STANDARD = "gnu++14";
				CLANG_CXX_LIBRARY = "libc++";
				CLANG_ENABLE_MODULES = YES;
				CLANG_ENABLE_OBJC_ARC = YES;
				CLANG_ENABLE_OBJC_WEAK = YES;
				CLANG_WARN_BLOCK_CAPTURE_AUTORELEASING = YES;
				CLANG_WARN_BOOL_CONVERSION = YES;
				CLANG_WARN_COMMA = YES;
				CLANG_WARN_CONSTANT_CONVERSION = YES;
				CLANG_WARN_DEPRECATED_OBJC_IMPLEMENTATIONS = YES;
				CLANG_WARN_DIRECT_OBJC_ISA_USAGE = YES_ERROR;
				CLANG_WARN_DOCUMENTATION_COMMENTS = YES;
				CLANG_WARN_EMPTY_BODY = YES;
				CLANG_WARN_ENUM_CONVERSION = YES;
				CLANG_WARN_INFINITE_RECURSION = YES;
				CLANG_WARN_INT_CONVERSION = YES;
				CLANG_WARN_NON_LITERAL_NULL_CONVERSION = YES;
				CLANG_WARN_OBJC_IMPLICIT_RETAIN_SELF = YES;
				CLANG_WARN_OBJC_LITERAL_CONVERSION = YES;
				CLANG_WARN_OBJC_ROOT_CLASS = YES_ERROR;
				CLANG_WARN_RANGE_LOOP_ANALYSIS = YES;
				CLANG_WARN_STRICT_PROTOTYPES = YES;
				CLANG_WARN_SUSPICIOUS_MOVE = YES;
				CLANG_WARN_UNGUARDED_AVAILABILITY = YES_AGGRESSIVE;
				CLANG_WARN_UNREACHABLE_CODE = YES;
				CLANG_WARN__DUPLICATE_METHOD_MATCH = YES;
				CODE_SIGN_IDENTITY = "iPhone Developer";
				COPY_PHASE_STRIP = NO;
				DEBUG_INFORMATION_FORMAT = dwarf;
				ENABLE_STRICT_OBJC_MSGSEND = YES;
				ENABLE_TESTABILITY = YES;
				GCC_C_LANGUAGE_STANDARD = gnu11;
				GCC_DYNAMIC_NO_PIC = NO;
				GCC_NO_COMMON_BLOCKS = YES;
				GCC_OPTIMIZATION_LEVEL = 0;
				GCC_PREPROCESSOR_DEFINITIONS = (
					"DEBUG=1",
					"$(inherited)",
				);
				GCC_WARN_64_TO_32_BIT_CONVERSION = YES;
				GCC_WARN_ABOUT_RETURN_TYPE = YES_ERROR;
				GCC_WARN_UNDECLARED_SELECTOR = YES;
				GCC_WARN_UNINITIALIZED_AUTOS = YES_AGGRESSIVE;
				GCC_WARN_UNUSED_FUNCTION = YES;
				GCC_WARN_UNUSED_VARIABLE = YES;
				IPHONEOS_DEPLOYMENT_TARGET = 12.2;
				MTL_ENABLE_DEBUG_INFO = INCLUDE_SOURCE;
				MTL_FAST_MATH = YES;
				ONLY_ACTIVE_ARCH = YES;
				SDKROOT = iphoneos;
				SWIFT_ACTIVE_COMPILATION_CONDITIONS = DEBUG;
				SWIFT_OPTIMIZATION_LEVEL = "-Onone";
			};
			name = Debug;
		};
		AED6F905228A4C9D0069C42B /* Release */ = {
			isa = XCBuildConfiguration;
			buildSettings = {
				ALWAYS_SEARCH_USER_PATHS = NO;
				CLANG_ANALYZER_NONNULL = YES;
				CLANG_ANALYZER_NUMBER_OBJECT_CONVERSION = YES_AGGRESSIVE;
				CLANG_CXX_LANGUAGE_STANDARD = "gnu++14";
				CLANG_CXX_LIBRARY = "libc++";
				CLANG_ENABLE_MODULES = YES;
				CLANG_ENABLE_OBJC_ARC = YES;
				CLANG_ENABLE_OBJC_WEAK = YES;
				CLANG_WARN_BLOCK_CAPTURE_AUTORELEASING = YES;
				CLANG_WARN_BOOL_CONVERSION = YES;
				CLANG_WARN_COMMA = YES;
				CLANG_WARN_CONSTANT_CONVERSION = YES;
				CLANG_WARN_DEPRECATED_OBJC_IMPLEMENTATIONS = YES;
				CLANG_WARN_DIRECT_OBJC_ISA_USAGE = YES_ERROR;
				CLANG_WARN_DOCUMENTATION_COMMENTS = YES;
				CLANG_WARN_EMPTY_BODY = YES;
				CLANG_WARN_ENUM_CONVERSION = YES;
				CLANG_WARN_INFINITE_RECURSION = YES;
				CLANG_WARN_INT_CONVERSION = YES;
				CLANG_WARN_NON_LITERAL_NULL_CONVERSION = YES;
				CLANG_WARN_OBJC_IMPLICIT_RETAIN_SELF = YES;
				CLANG_WARN_OBJC_LITERAL_CONVERSION = YES;
				CLANG_WARN_OBJC_ROOT_CLASS = YES_ERROR;
				CLANG_WARN_RANGE_LOOP_ANALYSIS = YES;
				CLANG_WARN_STRICT_PROTOTYPES = YES;
				CLANG_WARN_SUSPICIOUS_MOVE = YES;
				CLANG_WARN_UNGUARDED_AVAILABILITY = YES_AGGRESSIVE;
				CLANG_WARN_UNREACHABLE_CODE = YES;
				CLANG_WARN__DUPLICATE_METHOD_MATCH = YES;
				CODE_SIGN_IDENTITY = "iPhone Developer";
				COPY_PHASE_STRIP = NO;
				DEBUG_INFORMATION_FORMAT = "dwarf-with-dsym";
				ENABLE_NS_ASSERTIONS = NO;
				ENABLE_STRICT_OBJC_MSGSEND = YES;
				GCC_C_LANGUAGE_STANDARD = gnu11;
				GCC_NO_COMMON_BLOCKS = YES;
				GCC_WARN_64_TO_32_BIT_CONVERSION = YES;
				GCC_WARN_ABOUT_RETURN_TYPE = YES_ERROR;
				GCC_WARN_UNDECLARED_SELECTOR = YES;
				GCC_WARN_UNINITIALIZED_AUTOS = YES_AGGRESSIVE;
				GCC_WARN_UNUSED_FUNCTION = YES;
				GCC_WARN_UNUSED_VARIABLE = YES;
				IPHONEOS_DEPLOYMENT_TARGET = 12.2;
				MTL_ENABLE_DEBUG_INFO = NO;
				MTL_FAST_MATH = YES;
				SDKROOT = iphoneos;
				SWIFT_COMPILATION_MODE = wholemodule;
				SWIFT_OPTIMIZATION_LEVEL = "-O";
				VALIDATE_PRODUCT = YES;
			};
			name = Release;
		};
		AED6F907228A4C9D0069C42B /* Debug */ = {
			isa = XCBuildConfiguration;
			baseConfigurationReference = 9653E01BE04AAC3F79580FB9 /* Pods-MovieDB.debug.xcconfig */;
			buildSettings = {
				ASSETCATALOG_COMPILER_APPICON_NAME = AppIcon;
				CODE_SIGN_STYLE = Automatic;
				DEVELOPMENT_TEAM = 9B9A8JD2BS;
				INFOPLIST_FILE = MovieDB/Info.plist;
				LD_RUNPATH_SEARCH_PATHS = (
					"$(inherited)",
					"@executable_path/Frameworks",
				);
				PRODUCT_BUNDLE_IDENTIFIER = com.tranductanb.MovieDB;
				PRODUCT_NAME = "$(TARGET_NAME)";
				SWIFT_OBJC_BRIDGING_HEADER = "MovieDB/Bridging-Headers.h";
				SWIFT_PRECOMPILE_BRIDGING_HEADER = NO;
				SWIFT_VERSION = 5.0;
				TARGETED_DEVICE_FAMILY = 1;
			};
			name = Debug;
		};
		AED6F908228A4C9D0069C42B /* Release */ = {
			isa = XCBuildConfiguration;
			baseConfigurationReference = D86742B355B0DA96D3459E31 /* Pods-MovieDB.release.xcconfig */;
			buildSettings = {
				ASSETCATALOG_COMPILER_APPICON_NAME = AppIcon;
				CODE_SIGN_STYLE = Automatic;
				DEVELOPMENT_TEAM = 9B9A8JD2BS;
				INFOPLIST_FILE = MovieDB/Info.plist;
				LD_RUNPATH_SEARCH_PATHS = (
					"$(inherited)",
					"@executable_path/Frameworks",
				);
				PRODUCT_BUNDLE_IDENTIFIER = com.tranductanb.MovieDB;
				PRODUCT_NAME = "$(TARGET_NAME)";
				SWIFT_OBJC_BRIDGING_HEADER = "MovieDB/Bridging-Headers.h";
				SWIFT_PRECOMPILE_BRIDGING_HEADER = NO;
				SWIFT_VERSION = 5.0;
				TARGETED_DEVICE_FAMILY = 1;
			};
			name = Release;
		};
		AED6F90A228A4C9D0069C42B /* Debug */ = {
			isa = XCBuildConfiguration;
			baseConfigurationReference = 451583171B428351B576611A /* Pods-MovieDBTests.debug.xcconfig */;
			buildSettings = {
				ALWAYS_EMBED_SWIFT_STANDARD_LIBRARIES = YES;
				BUNDLE_LOADER = "$(TEST_HOST)";
				CODE_SIGN_STYLE = Automatic;
				DEVELOPMENT_TEAM = 9B9A8JD2BS;
				INFOPLIST_FILE = MovieDBTests/Info.plist;
				LD_RUNPATH_SEARCH_PATHS = (
					"$(inherited)",
					"@executable_path/Frameworks",
					"@loader_path/Frameworks",
				);
				PRODUCT_BUNDLE_IDENTIFIER = com.tranductanb.MovieDBTests;
				PRODUCT_NAME = "$(TARGET_NAME)";
				SWIFT_OBJC_BRIDGING_HEADER = "";
				SWIFT_PRECOMPILE_BRIDGING_HEADER = YES;
				SWIFT_VERSION = 5.0;
				TARGETED_DEVICE_FAMILY = "1,2";
				TEST_HOST = "$(BUILT_PRODUCTS_DIR)/MovieDB.app/MovieDB";
			};
			name = Debug;
		};
		AED6F90B228A4C9D0069C42B /* Release */ = {
			isa = XCBuildConfiguration;
			baseConfigurationReference = 218AE6FDABD8B6A93243261D /* Pods-MovieDBTests.release.xcconfig */;
			buildSettings = {
				ALWAYS_EMBED_SWIFT_STANDARD_LIBRARIES = YES;
				BUNDLE_LOADER = "$(TEST_HOST)";
				CODE_SIGN_STYLE = Automatic;
				DEVELOPMENT_TEAM = 9B9A8JD2BS;
				INFOPLIST_FILE = MovieDBTests/Info.plist;
				LD_RUNPATH_SEARCH_PATHS = (
					"$(inherited)",
					"@executable_path/Frameworks",
					"@loader_path/Frameworks",
				);
				PRODUCT_BUNDLE_IDENTIFIER = com.tranductanb.MovieDBTests;
				PRODUCT_NAME = "$(TARGET_NAME)";
				SWIFT_OBJC_BRIDGING_HEADER = "";
				SWIFT_PRECOMPILE_BRIDGING_HEADER = YES;
				SWIFT_VERSION = 5.0;
				TARGETED_DEVICE_FAMILY = "1,2";
				TEST_HOST = "$(BUILT_PRODUCTS_DIR)/MovieDB.app/MovieDB";
			};
			name = Release;
		};
/* End XCBuildConfiguration section */

/* Begin XCConfigurationList section */
		AED6F8E1228A4C9B0069C42B /* Build configuration list for PBXProject "MovieDB" */ = {
			isa = XCConfigurationList;
			buildConfigurations = (
				AED6F904228A4C9D0069C42B /* Debug */,
				AED6F905228A4C9D0069C42B /* Release */,
			);
			defaultConfigurationIsVisible = 0;
			defaultConfigurationName = Release;
		};
		AED6F906228A4C9D0069C42B /* Build configuration list for PBXNativeTarget "MovieDB" */ = {
			isa = XCConfigurationList;
			buildConfigurations = (
				AED6F907228A4C9D0069C42B /* Debug */,
				AED6F908228A4C9D0069C42B /* Release */,
			);
			defaultConfigurationIsVisible = 0;
			defaultConfigurationName = Release;
		};
		AED6F909228A4C9D0069C42B /* Build configuration list for PBXNativeTarget "MovieDBTests" */ = {
			isa = XCConfigurationList;
			buildConfigurations = (
				AED6F90A228A4C9D0069C42B /* Debug */,
				AED6F90B228A4C9D0069C42B /* Release */,
			);
			defaultConfigurationIsVisible = 0;
			defaultConfigurationName = Release;
		};
/* End XCConfigurationList section */

/* Begin XCVersionGroup section */
		AED6F8F0228A4C9B0069C42B /* MovieDB.xcdatamodeld */ = {
			isa = XCVersionGroup;
			children = (
				AED6F8F1228A4C9B0069C42B /* MovieDB.xcdatamodel */,
			);
			currentVersion = AED6F8F1228A4C9B0069C42B /* MovieDB.xcdatamodel */;
			path = MovieDB.xcdatamodeld;
			sourceTree = "<group>";
			versionGroupType = wrapper.xcdatamodel;
		};
/* End XCVersionGroup section */
	};
	rootObject = AED6F8DE228A4C9B0069C42B /* Project object */;
}
